// !$*UTF8*$!
{
	archiveVersion = 1;
	classes = {
	};
	objectVersion = 46;
	objects = {
/* Begin PBXBuildFile section */
		223A89461E89CDC70092741E /* MiniApp.jsbundle in Resources */ = {isa = PBXBuildFile; fileRef = 223A89451E89CDC70092741E /* MiniApp.jsbundle */; };
		2265A4A21EB26943007D6C3D /* Info.plist in Resources */ = {isa = PBXBuildFile; fileRef = 2265A4A11EB26943007D6C3D /* Info.plist */; };
		22BF1FEB1E8DAAF800E7F500 /* assets in Resources */ = {isa = PBXBuildFile; fileRef = 22BF1FEA1E8DAAF800E7F500 /* assets */; };
		301CB9021F33F3450048C58B /* NSBundle+frameworkBundle.m in Sources */ = {isa = PBXBuildFile; fileRef = 301CB9001F33F3450048C58B /* NSBundle+frameworkBundle.m */; };
		301CB9031F33F3450048C58B /* NSBundle+frameworkBundle.h in Headers */ = {isa = PBXBuildFile; fileRef = 301CB9011F33F3450048C58B /* NSBundle+frameworkBundle.h */; };
		30F8CDEE1E67946E00413247 /* ElectrodeReactNative_Internal.h in Headers */ = {isa = PBXBuildFile; fileRef = 30F8CDED1E67946E00413247 /* ElectrodeReactNative_Internal.h */; };
		485009ED1E2FF23C009B6610 /* ElectrodeContainer.framework in Frameworks */ = {isa = PBXBuildFile; fileRef = 485009E31E2FF23B009B6610 /* ElectrodeContainer.framework */; };
		485009F41E2FF23C009B6610 /* ElectrodeContainer.h in Headers */ = {isa = PBXBuildFile; fileRef = 485009E61E2FF23B009B6610 /* ElectrodeContainer.h */; settings = {ATTRIBUTES = (Public, ); }; };
		48500A981E2FF55B009B6610 /* ElectrodeReactNative.h in Headers */ = {isa = PBXBuildFile; fileRef = 48500A961E2FF55B009B6610 /* ElectrodeReactNative.h */; settings = {ATTRIBUTES = (Public, ); }; };
		48500A991E2FF55B009B6610 /* ElectrodeReactNative.m in Sources */ = {isa = PBXBuildFile; fileRef = 48500A971E2FF55B009B6610 /* ElectrodeReactNative.m */; };
		968333D71E54E3470031C565 /* ElectrodeBridgeDelegate.h in Headers */ = {isa = PBXBuildFile; fileRef = 968333D51E54E3470031C565 /* ElectrodeBridgeDelegate.h */; settings = {ATTRIBUTES = (Public, ); }; };
		968333D81E54E3470031C565 /* ElectrodeBridgeDelegate.m in Sources */ = {isa = PBXBuildFile; fileRef = 968333D61E54E3470031C565 /* ElectrodeBridgeDelegate.m */; };
		265AC21C3843472E94FF04FE /* libReact.a in Frameworks */ = {isa = PBXBuildFile; fileRef = 21804C022A2743A39067A553 /* libReact.a */; };
		A3901851233949DFA60DB042 /* libRCTActionSheet.a in Frameworks */ = {isa = PBXBuildFile; fileRef = 0EB5B0339D8F4AB38C42846E /* libRCTActionSheet.a */; };
		A7318B92AE1C43BE9FFEADAA /* libRCTImage.a in Frameworks */ = {isa = PBXBuildFile; fileRef = 6A12FA8A95A74B73BCF1910D /* libRCTImage.a */; };
		47B880E2260B43318819CBCA /* libRCTAnimation.a in Frameworks */ = {isa = PBXBuildFile; fileRef = 53224DED4375424C9DD4B7BF /* libRCTAnimation.a */; };
		B0704AA4376140E69DCEDF35 /* libRCTText.a in Frameworks */ = {isa = PBXBuildFile; fileRef = 1FD95DE25DEC4C52B7D769AD /* libRCTText.a */; };
		8243CA9C666A4B11A9CB5F09 /* libRCTWebSocket.a in Frameworks */ = {isa = PBXBuildFile; fileRef = 1B512551DDB746B380084153 /* libRCTWebSocket.a */; };
		9BB6969243D74876A94B12B0 /* libRCTGeolocation.a in Frameworks */ = {isa = PBXBuildFile; fileRef = 1DE6FBBCA31144EABDB13F5C /* libRCTGeolocation.a */; };
		53446EDD7D1048389FAE3F15 /* libRCTLinking.a in Frameworks */ = {isa = PBXBuildFile; fileRef = 76EFEEE0A66544879F34CE9F /* libRCTLinking.a */; };
		F54B2AC02F0F45FD85187DFE /* libRCTNetwork.a in Frameworks */ = {isa = PBXBuildFile; fileRef = 215ECC6CAA4E403EAA334321 /* libRCTNetwork.a */; };
		FB7171E47F254922BD685D91 /* libRCTSettings.a in Frameworks */ = {isa = PBXBuildFile; fileRef = 5309112E552B40C7A58DD108 /* libRCTSettings.a */; };
		3C8895A997574612B1DD792E /* libRCTVibration.a in Frameworks */ = {isa = PBXBuildFile; fileRef = 078F9A11C8A047B7A9FE4F9B /* libRCTVibration.a */; };
		B7A0D6A7B7E54ADFB4849F40 /* libRCTCameraRoll.a in Frameworks */ = {isa = PBXBuildFile; fileRef = 36AAD99A25774AB08E3058FF /* libRCTCameraRoll.a */; };
		12A9AC61CFE64C71987F9491 /* ElectrodeObject.swift in Sources */ = {isa = PBXBuildFile; fileRef = DC7999060982479CB11CED57 /* ElectrodeObject.swift */; };
		C132D1CFA8F4436EAD547FE1 /* Bridgeable.swift in Sources */ = {isa = PBXBuildFile; fileRef = 768CD339D8244146B7CB97D8 /* Bridgeable.swift */; };
		365528AAFA0A4DB68BD5146C /* ElectrodeRequestHandlerProcessor.swift in Sources */ = {isa = PBXBuildFile; fileRef = FC946AD3FEC941CA9FD035DA /* ElectrodeRequestHandlerProcessor.swift */; };
		B99B25F5A3B94E5586A591C5 /* ElectrodeRequestProcessor.swift in Sources */ = {isa = PBXBuildFile; fileRef = ECE58364D0D848F4855E262B /* ElectrodeRequestProcessor.swift */; };
		AAFFC0026AF340E78BA4534A /* ElectrodeUtilities.swift in Sources */ = {isa = PBXBuildFile; fileRef = F4DDFEBE51E34DB5A9A0A50D /* ElectrodeUtilities.swift */; };
		FDEB9968371642FEA1AACC4E /* EventListenerProcessor.swift in Sources */ = {isa = PBXBuildFile; fileRef = 028763DFB6E044BDB25B8408 /* EventListenerProcessor.swift */; };
		049319FFBF4C4A71A8D98EBF /* EventProcessor.swift in Sources */ = {isa = PBXBuildFile; fileRef = 96FBA20A7DA643C6A57B8D85 /* EventProcessor.swift */; };
		4E67D2FF26CF4E11B95E49BE /* Processor.swift in Sources */ = {isa = PBXBuildFile; fileRef = B9C7BFAB46B248A4842449E4 /* Processor.swift */; };
		A4AF67440586444B8DEC4292 /* None.swift in Sources */ = {isa = PBXBuildFile; fileRef = 789B65BED7794F509F826D46 /* None.swift */; };
		B7196028102F440C959A0334 /* ElectrodeBridgeEvent.m in Sources */ = {isa = PBXBuildFile; fileRef = ABE01DDBC1D84E1EABCC4ADA /* ElectrodeBridgeEvent.m */; };
		959216D730B848E4A1D0D23D /* ElectrodeBridgeFailureMessage.m in Sources */ = {isa = PBXBuildFile; fileRef = A4C3CED9752D42B393639C2A /* ElectrodeBridgeFailureMessage.m */; };
		8B37C1E55B7C4853BDA641FD /* ElectrodeBridgeHolder.m in Sources */ = {isa = PBXBuildFile; fileRef = 80351D044BE3422E9358F9D5 /* ElectrodeBridgeHolder.m */; };
		FD6FEE0764994EA98316BAF0 /* ElectrodeBridgeMessage.m in Sources */ = {isa = PBXBuildFile; fileRef = F4DF1BE76FE94B48A77BE54C /* ElectrodeBridgeMessage.m */; };
		A8D4903BAFFC4F3AB70ADE8A /* ElectrodeBridgeProtocols.m in Sources */ = {isa = PBXBuildFile; fileRef = 6B5C19C830854A628D22B78E /* ElectrodeBridgeProtocols.m */; };
		FB90A7C492EB499AA7C89086 /* ElectrodeBridgeRequest.m in Sources */ = {isa = PBXBuildFile; fileRef = D1AF8D6834E249448F5DDE5D /* ElectrodeBridgeRequest.m */; };
		80905BD3617A442089A7FCD1 /* ElectrodeBridgeResponse.m in Sources */ = {isa = PBXBuildFile; fileRef = 7272993A45294CD4A8636A12 /* ElectrodeBridgeResponse.m */; };
		1DBFA2398F99462EB8B7C32E /* ElectrodeBridgeTransaction.m in Sources */ = {isa = PBXBuildFile; fileRef = C36DDECA33164E0C8BBDC675 /* ElectrodeBridgeTransaction.m */; };
		3DEF13D44A664B348E9ED0A7 /* ElectrodeBridgeTransceiver.m in Sources */ = {isa = PBXBuildFile; fileRef = 8328E02C14654719ADE8CC52 /* ElectrodeBridgeTransceiver.m */; };
		6E50E451EF414703A6815846 /* ElectrodeEventDispatcher.m in Sources */ = {isa = PBXBuildFile; fileRef = 8EA244DA778F494DAFB2E0E4 /* ElectrodeEventDispatcher.m */; };
		3748B2CE5FE541B39EE8EEAC /* ElectrodeEventRegistrar.m in Sources */ = {isa = PBXBuildFile; fileRef = 99B956BA714A49EBA562DAC2 /* ElectrodeEventRegistrar.m */; };
		9E2D412355B7492CA61EC3B8 /* ElectrodeRequestDispatcher.m in Sources */ = {isa = PBXBuildFile; fileRef = 2C2688AB10454574BFD811D1 /* ElectrodeRequestDispatcher.m */; };
		38F0BB9A98B54375A9FB7103 /* ElectrodeRequestRegistrar.m in Sources */ = {isa = PBXBuildFile; fileRef = 6590E3B3351A471EBBA90593 /* ElectrodeRequestRegistrar.m */; };
		529A3B2AD1F347D080EC3CD0 /* ElectrodeLogger.m in Sources */ = {isa = PBXBuildFile; fileRef = 728446AE53594FA38FFD14E3 /* ElectrodeLogger.m */; };
		914889F80A6142799E23D22B /* ElectrodeBridgeEvent.h in Headers */ = {isa = PBXBuildFile; fileRef = 66A40CF43D264C65A927F297 /* ElectrodeBridgeEvent.h */; settings = {ATTRIBUTES = (Public, ); }; };
		198640863C5A49178E2847DA /* ElectrodeBridgeFailureMessage.h in Headers */ = {isa = PBXBuildFile; fileRef = 562F21AA94904885BA6C0104 /* ElectrodeBridgeFailureMessage.h */; settings = {ATTRIBUTES = (Public, ); }; };
		2C40133D50ED423F98AD3CE1 /* ElectrodeBridgeHolder.h in Headers */ = {isa = PBXBuildFile; fileRef = 8FFD3874084747A3B34F81DC /* ElectrodeBridgeHolder.h */; settings = {ATTRIBUTES = (Public, ); }; };
		70D368E83006435495BAC32B /* ElectrodeBridgeMessage.h in Headers */ = {isa = PBXBuildFile; fileRef = 50072D10B344483881FD063D /* ElectrodeBridgeMessage.h */; settings = {ATTRIBUTES = (Public, ); }; };
		740910ABD91D4A58B520C02A /* ElectrodeBridgeProtocols.h in Headers */ = {isa = PBXBuildFile; fileRef = 5E003E69219F4207AE05473A /* ElectrodeBridgeProtocols.h */; settings = {ATTRIBUTES = (Public, ); }; };
		C25C6354B83548D4B9FB2ADC /* ElectrodeBridgeRequest.h in Headers */ = {isa = PBXBuildFile; fileRef = 074E2565DA384DA4B57A6715 /* ElectrodeBridgeRequest.h */; settings = {ATTRIBUTES = (Public, ); }; };
		7E7B3748903A40C19E353662 /* ElectrodeBridgeTransaction.h in Headers */ = {isa = PBXBuildFile; fileRef = 3FF80C439EE745119D96B730 /* ElectrodeBridgeTransaction.h */; };
		614F30B56BAC4E3DB7B8885A /* ElectrodeBridgeTransceiver.h in Headers */ = {isa = PBXBuildFile; fileRef = AD40BA35BFD04619A46432B4 /* ElectrodeBridgeTransceiver.h */; };
		724A0570822444F08360F1EB /* ElectrodeBridgeTransceiver_Internal.h in Headers */ = {isa = PBXBuildFile; fileRef = E9D45935A58F45CC890307D5 /* ElectrodeBridgeTransceiver_Internal.h */; };
		0424F13E9D9C44CCBD518BEF /* ElectrodeEventDispatcher.h in Headers */ = {isa = PBXBuildFile; fileRef = 0141D686ED414FD894265327 /* ElectrodeEventDispatcher.h */; };
		7CD3145B483A487C9618CF69 /* ElectrodeEventRegistrar.h in Headers */ = {isa = PBXBuildFile; fileRef = AB9E63F354434A2B8C1D0F50 /* ElectrodeEventRegistrar.h */; };
		E014889FE44F41BF93826C56 /* ElectrodeRequestDispatcher.h in Headers */ = {isa = PBXBuildFile; fileRef = 21ECEC16B7794017989D71B9 /* ElectrodeRequestDispatcher.h */; };
		69C856949E7247298BBB2A87 /* ElectrodeRequestRegistrar.h in Headers */ = {isa = PBXBuildFile; fileRef = B09EB8122E9C42C694CA8F75 /* ElectrodeRequestRegistrar.h */; };
		24946E32467B47BDB06847A3 /* ElectrodeReactNativeBridge.h in Headers */ = {isa = PBXBuildFile; fileRef = 8F91E43A9E1A443FACCF36E8 /* ElectrodeReactNativeBridge.h */; };
		19A92C877AA244B9925EE77D /* ElectrodeBridgeResponse.h in Headers */ = {isa = PBXBuildFile; fileRef = 269D70B1FD82400DBC4F9917 /* ElectrodeBridgeResponse.h */; };
		038190EB9D4A4F78B96192AB /* ElectrodeLogger.h in Headers */ = {isa = PBXBuildFile; fileRef = 88E86085F0BC4AA5BF5DD270 /* ElectrodeLogger.h */; settings = {ATTRIBUTES = (Public, ); }; };
		A7FA624FE8EF4D078216DE3F /* BirthYear.swift in Sources */ = {isa = PBXBuildFile; fileRef = F7FCFB0DD3784BE6B5A45A2D /* BirthYear.swift */; };
		AED8D04C41694783AF4A1D2D /* Movie.swift in Sources */ = {isa = PBXBuildFile; fileRef = D0C5838110824590A2FA1A02 /* Movie.swift */; };
		4183A47D65564C049152F871 /* MoviesAPI.swift in Sources */ = {isa = PBXBuildFile; fileRef = B593A866EBD34A50970C0F3C /* MoviesAPI.swift */; };
		B2D6F4D07B524884851EA591 /* MoviesRequests.swift in Sources */ = {isa = PBXBuildFile; fileRef = D2AF3A90203C4836AD2A6641 /* MoviesRequests.swift */; };
		5B63978F307A4195895D8474 /* Person.swift in Sources */ = {isa = PBXBuildFile; fileRef = 7ED194D442894D80AD4EDA67 /* Person.swift */; };
		0666AFA413CB47D081FF4C29 /* Synopsis.swift in Sources */ = {isa = PBXBuildFile; fileRef = D41103D3DA55483AB7161DDE /* Synopsis.swift */; };
		428A9C10EA6C400EA3DB729D /* NavigateData.swift in Sources */ = {isa = PBXBuildFile; fileRef = B6D952E22957476986B4BC01 /* NavigateData.swift */; };
		ACEAF2645FC44C1F9F7D440F /* NavigationAPI.swift in Sources */ = {isa = PBXBuildFile; fileRef = 7C8507403EC647998ECEE1F7 /* NavigationAPI.swift */; };
		74E5ADF592514E67BCA4C328 /* NavigationRequests.swift in Sources */ = {isa = PBXBuildFile; fileRef = 48A1D39F64F44985831AABBC /* NavigationRequests.swift */; };
/* End PBXBuildFile section */

/* Begin PBXContainerItemProxy section */
		485009EE1E2FF23C009B6610 /* PBXContainerItemProxy */ = {
			isa = PBXContainerItemProxy;
			containerPortal = 485009DA1E2FF23B009B6610 /* Project object */;
			proxyType = 1;
			remoteGlobalIDString = 485009E21E2FF23B009B6610;
			remoteInfo = ElectrodeContainer;
		};
		610D408A77944EB9BD526418 /* PBXContainerItemProxy */ = {
			isa = PBXContainerItemProxy;
			containerPortal = 88EE49036A224A68A348E9D8 /* React.xcodeproj */;
			proxyType = 1;
			remoteGlobalIDString = 6D61A973BD344D7181D248F0;
			remoteInfo = React;
		};
		81563A02E13C47D690A6D215 /* PBXContainerItemProxy */ = {
			isa = PBXContainerItemProxy;
			containerPortal = 88EE49036A224A68A348E9D8 /* React.xcodeproj */;
			proxyType = 2;
			remoteGlobalIDString = 83CBBA2E1A601D0E00E9B192;
			remoteInfo = React;
		};
		7064F1A273BC456AB994B4C2 /* PBXContainerItemProxy */ = {
			isa = PBXContainerItemProxy;
			containerPortal = 200FE575F34A4CA3B654996D /* RCTActionSheet.xcodeproj */;
			proxyType = 1;
			remoteGlobalIDString = 11C93BFA3C2A475AB926D21C;
			remoteInfo = RCTActionSheet;
		};
		46DC07461A394DDD980BEF60 /* PBXContainerItemProxy */ = {
			isa = PBXContainerItemProxy;
			containerPortal = 200FE575F34A4CA3B654996D /* RCTActionSheet.xcodeproj */;
			proxyType = 2;
			remoteGlobalIDString = 134814201AA4EA6300B7C361;
			remoteInfo = RCTActionSheet;
		};
		43DFC5FE8C45443DA11EE697 /* PBXContainerItemProxy */ = {
			isa = PBXContainerItemProxy;
			containerPortal = 5AEC13D3B3F74BB6A70F6C00 /* RCTImage.xcodeproj */;
			proxyType = 1;
			remoteGlobalIDString = 7629E89432274F8681BC873F;
			remoteInfo = RCTImage;
		};
		7EC7EE093F41424491204CFF /* PBXContainerItemProxy */ = {
			isa = PBXContainerItemProxy;
			containerPortal = 5AEC13D3B3F74BB6A70F6C00 /* RCTImage.xcodeproj */;
			proxyType = 2;
			remoteGlobalIDString = 58B5115D1A9E6B3D00147676;
			remoteInfo = RCTImage;
		};
		5324B90C506E476A921CAECB /* PBXContainerItemProxy */ = {
			isa = PBXContainerItemProxy;
			containerPortal = 41A0AFADC7294F03993DC4E4 /* RCTAnimation.xcodeproj */;
			proxyType = 1;
			remoteGlobalIDString = 76E7374EE8C94FE4ABDA09FD;
			remoteInfo = RCTAnimation;
		};
		957189F08FD547009A64BF97 /* PBXContainerItemProxy */ = {
			isa = PBXContainerItemProxy;
			containerPortal = 41A0AFADC7294F03993DC4E4 /* RCTAnimation.xcodeproj */;
			proxyType = 2;
			remoteGlobalIDString = 134814201AA4EA6300B7C361;
			remoteInfo = RCTAnimation;
		};
		EA464B58CA184F2082F31720 /* PBXContainerItemProxy */ = {
			isa = PBXContainerItemProxy;
			containerPortal = 8EB4BA97B2ED4923A4C8A4A1 /* RCTText.xcodeproj */;
			proxyType = 1;
			remoteGlobalIDString = 41AFC050C9CF46EF84222890;
			remoteInfo = RCTText;
		};
		32C958FB4A304CEAADC929D5 /* PBXContainerItemProxy */ = {
			isa = PBXContainerItemProxy;
			containerPortal = 8EB4BA97B2ED4923A4C8A4A1 /* RCTText.xcodeproj */;
			proxyType = 2;
			remoteGlobalIDString = 58B5119B1A9E6C1200147676;
			remoteInfo = RCTText;
		};
		D27C5AAF2DE24FA883BD3BDE /* PBXContainerItemProxy */ = {
			isa = PBXContainerItemProxy;
			containerPortal = 9AFB76E51E7249A488BE5322 /* RCTWebSocket.xcodeproj */;
			proxyType = 1;
			remoteGlobalIDString = 6502A85308BC461D8594FE75;
			remoteInfo = RCTWebSocket;
		};
		22823BDBD45A4017900784AF /* PBXContainerItemProxy */ = {
			isa = PBXContainerItemProxy;
			containerPortal = 9AFB76E51E7249A488BE5322 /* RCTWebSocket.xcodeproj */;
			proxyType = 2;
			remoteGlobalIDString = 3C86DF461ADF2C930047B81A;
			remoteInfo = RCTWebSocket;
		};
		5012E38D59BD4B229FD396C2 /* PBXContainerItemProxy */ = {
			isa = PBXContainerItemProxy;
			containerPortal = 9A2E1C192B24433DA5CE4067 /* RCTGeolocation.xcodeproj */;
			proxyType = 1;
			remoteGlobalIDString = D3987F4249E249DEA0426566;
			remoteInfo = RCTGeolocation;
		};
		6E7C19BA945B4A3DAFB855BB /* PBXContainerItemProxy */ = {
			isa = PBXContainerItemProxy;
			containerPortal = 9A2E1C192B24433DA5CE4067 /* RCTGeolocation.xcodeproj */;
			proxyType = 2;
			remoteGlobalIDString = 134814201AA4EA6300B7C361;
			remoteInfo = RCTGeolocation;
		};
		675BF23BDE9C472FA1018F0A /* PBXContainerItemProxy */ = {
			isa = PBXContainerItemProxy;
			containerPortal = A4C46629E5B149A38C8E280D /* RCTLinking.xcodeproj */;
			proxyType = 1;
			remoteGlobalIDString = A036144A48CE4D6A9AE38033;
			remoteInfo = RCTLinking;
		};
		0B347F8B071A40FDA44C16AC /* PBXContainerItemProxy */ = {
			isa = PBXContainerItemProxy;
			containerPortal = A4C46629E5B149A38C8E280D /* RCTLinking.xcodeproj */;
			proxyType = 2;
			remoteGlobalIDString = 134814201AA4EA6300B7C361;
			remoteInfo = RCTLinking;
		};
		511483C0C276435E983955CB /* PBXContainerItemProxy */ = {
			isa = PBXContainerItemProxy;
			containerPortal = C19AB1F38E754C6785AE647F /* RCTNetwork.xcodeproj */;
			proxyType = 1;
			remoteGlobalIDString = 258EA3FB582F4AD282C188AC;
			remoteInfo = RCTNetwork;
		};
		EAF7D0133D2942D684D42CA7 /* PBXContainerItemProxy */ = {
			isa = PBXContainerItemProxy;
			containerPortal = C19AB1F38E754C6785AE647F /* RCTNetwork.xcodeproj */;
			proxyType = 2;
			remoteGlobalIDString = 58B511DB1A9E6C8500147676;
			remoteInfo = RCTNetwork;
		};
		540A27C1BFCB49EB88558EBB /* PBXContainerItemProxy */ = {
			isa = PBXContainerItemProxy;
			containerPortal = 98030BF164464996BED2AE61 /* RCTSettings.xcodeproj */;
			proxyType = 1;
			remoteGlobalIDString = E8399F87752D427E84201C9A;
			remoteInfo = RCTSettings;
		};
		F712DF5CE10B497ABD7CB596 /* PBXContainerItemProxy */ = {
			isa = PBXContainerItemProxy;
			containerPortal = 98030BF164464996BED2AE61 /* RCTSettings.xcodeproj */;
			proxyType = 2;
			remoteGlobalIDString = 134814201AA4EA6300B7C361;
			remoteInfo = RCTSettings;
		};
		A9C8F30BFFE646CA87246785 /* PBXContainerItemProxy */ = {
			isa = PBXContainerItemProxy;
			containerPortal = 0138C29A14E548C795FAA37E /* RCTVibration.xcodeproj */;
			proxyType = 1;
			remoteGlobalIDString = 55BAADDAA9394BE78992E55D;
			remoteInfo = RCTVibration;
		};
		65A255EF988C4B2299DA5C3F /* PBXContainerItemProxy */ = {
			isa = PBXContainerItemProxy;
			containerPortal = 0138C29A14E548C795FAA37E /* RCTVibration.xcodeproj */;
			proxyType = 2;
			remoteGlobalIDString = 832C81801AAF6DEF007FA2F7;
			remoteInfo = RCTVibration;
		};
		73C01651640348A9A6179CA3 /* PBXContainerItemProxy */ = {
			isa = PBXContainerItemProxy;
			containerPortal = 24408E3BC9A345C89F864128 /* RCTCameraRoll.xcodeproj */;
			proxyType = 1;
			remoteGlobalIDString = 216B12D4406949A0BD1927B8;
			remoteInfo = RCTCameraRoll;
		};
		9EAD0BB0B15343C2A40A7A26 /* PBXContainerItemProxy */ = {
			isa = PBXContainerItemProxy;
			containerPortal = 24408E3BC9A345C89F864128 /* RCTCameraRoll.xcodeproj */;
			proxyType = 2;
			remoteGlobalIDString = 58B5115D1A9E6B3D00147676;
			remoteInfo = RCTCameraRoll;
		};
/* End PBXContainerItemProxy section */

/* Begin PBXFileReference section */
		223A89451E89CDC70092741E /* MiniApp.jsbundle */ = {isa = PBXFileReference; fileEncoding = 4; lastKnownFileType = text; path = MiniApp.jsbundle; sourceTree = "<group>"; };
		2265A4A11EB26943007D6C3D /* Info.plist */ = {isa = PBXFileReference; fileEncoding = 4; lastKnownFileType = text.plist.xml; path = Info.plist; sourceTree = "<group>"; };
		22BF1FEA1E8DAAF800E7F500 /* assets */ = {isa = PBXFileReference; lastKnownFileType = folder; path = assets; sourceTree = "<group>"; };
		301CB9001F33F3450048C58B /* NSBundle+frameworkBundle.m */ = {isa = PBXFileReference; fileEncoding = 4; lastKnownFileType = sourcecode.c.objc; path = "NSBundle+frameworkBundle.m"; sourceTree = "<group>"; };
		301CB9011F33F3450048C58B /* NSBundle+frameworkBundle.h */ = {isa = PBXFileReference; fileEncoding = 4; lastKnownFileType = sourcecode.c.h; path = "NSBundle+frameworkBundle.h"; sourceTree = "<group>"; };
		30F8CDED1E67946E00413247 /* ElectrodeReactNative_Internal.h */ = {isa = PBXFileReference; fileEncoding = 4; lastKnownFileType = sourcecode.c.h; path = ElectrodeReactNative_Internal.h; sourceTree = "<group>"; };
		485009E31E2FF23B009B6610 /* ElectrodeContainer.framework */ = {isa = PBXFileReference; explicitFileType = wrapper.framework; includeInIndex = 0; path = ElectrodeContainer.framework; sourceTree = BUILT_PRODUCTS_DIR; };
		485009E61E2FF23B009B6610 /* ElectrodeContainer.h */ = {isa = PBXFileReference; lastKnownFileType = sourcecode.c.h; path = ElectrodeContainer.h; sourceTree = "<group>"; };
		485009EC1E2FF23C009B6610 /* ElectrodeContainerTests.xctest */ = {isa = PBXFileReference; explicitFileType = wrapper.cfbundle; includeInIndex = 0; path = ElectrodeContainerTests.xctest; sourceTree = BUILT_PRODUCTS_DIR; };
		485009F31E2FF23C009B6610 /* Info.plist */ = {isa = PBXFileReference; lastKnownFileType = text.plist.xml; path = Info.plist; sourceTree = "<group>"; };
		48500A961E2FF55B009B6610 /* ElectrodeReactNative.h */ = {isa = PBXFileReference; fileEncoding = 4; lastKnownFileType = sourcecode.c.h; path = ElectrodeReactNative.h; sourceTree = "<group>"; };
		48500A971E2FF55B009B6610 /* ElectrodeReactNative.m */ = {isa = PBXFileReference; fileEncoding = 4; lastKnownFileType = sourcecode.c.objc; path = ElectrodeReactNative.m; sourceTree = "<group>"; wrapsLines = 0; };
		968333D51E54E3470031C565 /* ElectrodeBridgeDelegate.h */ = {isa = PBXFileReference; fileEncoding = 4; lastKnownFileType = sourcecode.c.h; path = ElectrodeBridgeDelegate.h; sourceTree = "<group>"; };
		968333D61E54E3470031C565 /* ElectrodeBridgeDelegate.m */ = {isa = PBXFileReference; fileEncoding = 4; lastKnownFileType = sourcecode.c.objc; path = ElectrodeBridgeDelegate.m; sourceTree = "<group>"; };
		88EE49036A224A68A348E9D8 /* React.xcodeproj */ = {isa = PBXFileReference; name = "React.xcodeproj"; path = "ReactNative/React/React.xcodeproj"; sourceTree = "<group>"; fileEncoding = undefined; lastKnownFileType = wrapper.pb-project; explicitFileType = undefined; includeInIndex = 0; };
		21804C022A2743A39067A553 /* libReact.a */ = {isa = PBXFileReference; name = "libReact.a"; path = "libReact.a"; sourceTree = "<group>"; fileEncoding = undefined; lastKnownFileType = archive.ar; explicitFileType = undefined; includeInIndex = 0; };
		200FE575F34A4CA3B654996D /* RCTActionSheet.xcodeproj */ = {isa = PBXFileReference; name = "RCTActionSheet.xcodeproj"; path = "ReactNative/ActionSheetIOS/RCTActionSheet.xcodeproj"; sourceTree = "<group>"; fileEncoding = undefined; lastKnownFileType = wrapper.pb-project; explicitFileType = undefined; includeInIndex = 0; };
		0EB5B0339D8F4AB38C42846E /* libRCTActionSheet.a */ = {isa = PBXFileReference; name = "libRCTActionSheet.a"; path = "libRCTActionSheet.a"; sourceTree = "<group>"; fileEncoding = undefined; lastKnownFileType = archive.ar; explicitFileType = undefined; includeInIndex = 0; };
		5AEC13D3B3F74BB6A70F6C00 /* RCTImage.xcodeproj */ = {isa = PBXFileReference; name = "RCTImage.xcodeproj"; path = "ReactNative/Image/RCTImage.xcodeproj"; sourceTree = "<group>"; fileEncoding = undefined; lastKnownFileType = wrapper.pb-project; explicitFileType = undefined; includeInIndex = 0; };
		6A12FA8A95A74B73BCF1910D /* libRCTImage.a */ = {isa = PBXFileReference; name = "libRCTImage.a"; path = "libRCTImage.a"; sourceTree = "<group>"; fileEncoding = undefined; lastKnownFileType = archive.ar; explicitFileType = undefined; includeInIndex = 0; };
		41A0AFADC7294F03993DC4E4 /* RCTAnimation.xcodeproj */ = {isa = PBXFileReference; name = "RCTAnimation.xcodeproj"; path = "ReactNative/NativeAnimation/RCTAnimation.xcodeproj"; sourceTree = "<group>"; fileEncoding = undefined; lastKnownFileType = wrapper.pb-project; explicitFileType = undefined; includeInIndex = 0; };
		53224DED4375424C9DD4B7BF /* libRCTAnimation.a */ = {isa = PBXFileReference; name = "libRCTAnimation.a"; path = "libRCTAnimation.a"; sourceTree = "<group>"; fileEncoding = undefined; lastKnownFileType = archive.ar; explicitFileType = undefined; includeInIndex = 0; };
		8EB4BA97B2ED4923A4C8A4A1 /* RCTText.xcodeproj */ = {isa = PBXFileReference; name = "RCTText.xcodeproj"; path = "ReactNative/Text/RCTText.xcodeproj"; sourceTree = "<group>"; fileEncoding = undefined; lastKnownFileType = wrapper.pb-project; explicitFileType = undefined; includeInIndex = 0; };
		1FD95DE25DEC4C52B7D769AD /* libRCTText.a */ = {isa = PBXFileReference; name = "libRCTText.a"; path = "libRCTText.a"; sourceTree = "<group>"; fileEncoding = undefined; lastKnownFileType = archive.ar; explicitFileType = undefined; includeInIndex = 0; };
		9AFB76E51E7249A488BE5322 /* RCTWebSocket.xcodeproj */ = {isa = PBXFileReference; name = "RCTWebSocket.xcodeproj"; path = "ReactNative/WebSocket/RCTWebSocket.xcodeproj"; sourceTree = "<group>"; fileEncoding = undefined; lastKnownFileType = wrapper.pb-project; explicitFileType = undefined; includeInIndex = 0; };
		1B512551DDB746B380084153 /* libRCTWebSocket.a */ = {isa = PBXFileReference; name = "libRCTWebSocket.a"; path = "libRCTWebSocket.a"; sourceTree = "<group>"; fileEncoding = undefined; lastKnownFileType = archive.ar; explicitFileType = undefined; includeInIndex = 0; };
		9A2E1C192B24433DA5CE4067 /* RCTGeolocation.xcodeproj */ = {isa = PBXFileReference; name = "RCTGeolocation.xcodeproj"; path = "ReactNative/Geolocation/RCTGeolocation.xcodeproj"; sourceTree = "<group>"; fileEncoding = undefined; lastKnownFileType = wrapper.pb-project; explicitFileType = undefined; includeInIndex = 0; };
		1DE6FBBCA31144EABDB13F5C /* libRCTGeolocation.a */ = {isa = PBXFileReference; name = "libRCTGeolocation.a"; path = "libRCTGeolocation.a"; sourceTree = "<group>"; fileEncoding = undefined; lastKnownFileType = archive.ar; explicitFileType = undefined; includeInIndex = 0; };
		A4C46629E5B149A38C8E280D /* RCTLinking.xcodeproj */ = {isa = PBXFileReference; name = "RCTLinking.xcodeproj"; path = "ReactNative/LinkingIOS/RCTLinking.xcodeproj"; sourceTree = "<group>"; fileEncoding = undefined; lastKnownFileType = wrapper.pb-project; explicitFileType = undefined; includeInIndex = 0; };
		76EFEEE0A66544879F34CE9F /* libRCTLinking.a */ = {isa = PBXFileReference; name = "libRCTLinking.a"; path = "libRCTLinking.a"; sourceTree = "<group>"; fileEncoding = undefined; lastKnownFileType = archive.ar; explicitFileType = undefined; includeInIndex = 0; };
		C19AB1F38E754C6785AE647F /* RCTNetwork.xcodeproj */ = {isa = PBXFileReference; name = "RCTNetwork.xcodeproj"; path = "ReactNative/Network/RCTNetwork.xcodeproj"; sourceTree = "<group>"; fileEncoding = undefined; lastKnownFileType = wrapper.pb-project; explicitFileType = undefined; includeInIndex = 0; };
		215ECC6CAA4E403EAA334321 /* libRCTNetwork.a */ = {isa = PBXFileReference; name = "libRCTNetwork.a"; path = "libRCTNetwork.a"; sourceTree = "<group>"; fileEncoding = undefined; lastKnownFileType = archive.ar; explicitFileType = undefined; includeInIndex = 0; };
		98030BF164464996BED2AE61 /* RCTSettings.xcodeproj */ = {isa = PBXFileReference; name = "RCTSettings.xcodeproj"; path = "ReactNative/Settings/RCTSettings.xcodeproj"; sourceTree = "<group>"; fileEncoding = undefined; lastKnownFileType = wrapper.pb-project; explicitFileType = undefined; includeInIndex = 0; };
		5309112E552B40C7A58DD108 /* libRCTSettings.a */ = {isa = PBXFileReference; name = "libRCTSettings.a"; path = "libRCTSettings.a"; sourceTree = "<group>"; fileEncoding = undefined; lastKnownFileType = archive.ar; explicitFileType = undefined; includeInIndex = 0; };
		0138C29A14E548C795FAA37E /* RCTVibration.xcodeproj */ = {isa = PBXFileReference; name = "RCTVibration.xcodeproj"; path = "ReactNative/Vibration/RCTVibration.xcodeproj"; sourceTree = "<group>"; fileEncoding = undefined; lastKnownFileType = wrapper.pb-project; explicitFileType = undefined; includeInIndex = 0; };
		078F9A11C8A047B7A9FE4F9B /* libRCTVibration.a */ = {isa = PBXFileReference; name = "libRCTVibration.a"; path = "libRCTVibration.a"; sourceTree = "<group>"; fileEncoding = undefined; lastKnownFileType = archive.ar; explicitFileType = undefined; includeInIndex = 0; };
		24408E3BC9A345C89F864128 /* RCTCameraRoll.xcodeproj */ = {isa = PBXFileReference; name = "RCTCameraRoll.xcodeproj"; path = "ReactNative/CameraRoll/RCTCameraRoll.xcodeproj"; sourceTree = "<group>"; fileEncoding = undefined; lastKnownFileType = wrapper.pb-project; explicitFileType = undefined; includeInIndex = 0; };
		36AAD99A25774AB08E3058FF /* libRCTCameraRoll.a */ = {isa = PBXFileReference; name = "libRCTCameraRoll.a"; path = "libRCTCameraRoll.a"; sourceTree = "<group>"; fileEncoding = undefined; lastKnownFileType = archive.ar; explicitFileType = undefined; includeInIndex = 0; };
		DC7999060982479CB11CED57 /* ElectrodeObject.swift */ = {isa = PBXFileReference; name = "ElectrodeObject.swift"; path = "ElectrodeReactNativeBridge/ElectrodeObject.swift"; sourceTree = "<group>"; fileEncoding = 4; lastKnownFileType = sourcecode.swift; explicitFileType = undefined; includeInIndex = 0; };
		768CD339D8244146B7CB97D8 /* Bridgeable.swift */ = {isa = PBXFileReference; name = "Bridgeable.swift"; path = "ElectrodeReactNativeBridge/Bridgeable.swift"; sourceTree = "<group>"; fileEncoding = 4; lastKnownFileType = sourcecode.swift; explicitFileType = undefined; includeInIndex = 0; };
		FC946AD3FEC941CA9FD035DA /* ElectrodeRequestHandlerProcessor.swift */ = {isa = PBXFileReference; name = "ElectrodeRequestHandlerProcessor.swift"; path = "ElectrodeReactNativeBridge/ElectrodeRequestHandlerProcessor.swift"; sourceTree = "<group>"; fileEncoding = 4; lastKnownFileType = sourcecode.swift; explicitFileType = undefined; includeInIndex = 0; };
		ECE58364D0D848F4855E262B /* ElectrodeRequestProcessor.swift */ = {isa = PBXFileReference; name = "ElectrodeRequestProcessor.swift"; path = "ElectrodeReactNativeBridge/ElectrodeRequestProcessor.swift"; sourceTree = "<group>"; fileEncoding = 4; lastKnownFileType = sourcecode.swift; explicitFileType = undefined; includeInIndex = 0; };
		F4DDFEBE51E34DB5A9A0A50D /* ElectrodeUtilities.swift */ = {isa = PBXFileReference; name = "ElectrodeUtilities.swift"; path = "ElectrodeReactNativeBridge/ElectrodeUtilities.swift"; sourceTree = "<group>"; fileEncoding = 4; lastKnownFileType = sourcecode.swift; explicitFileType = undefined; includeInIndex = 0; };
		028763DFB6E044BDB25B8408 /* EventListenerProcessor.swift */ = {isa = PBXFileReference; name = "EventListenerProcessor.swift"; path = "ElectrodeReactNativeBridge/EventListenerProcessor.swift"; sourceTree = "<group>"; fileEncoding = 4; lastKnownFileType = sourcecode.swift; explicitFileType = undefined; includeInIndex = 0; };
		96FBA20A7DA643C6A57B8D85 /* EventProcessor.swift */ = {isa = PBXFileReference; name = "EventProcessor.swift"; path = "ElectrodeReactNativeBridge/EventProcessor.swift"; sourceTree = "<group>"; fileEncoding = 4; lastKnownFileType = sourcecode.swift; explicitFileType = undefined; includeInIndex = 0; };
		B9C7BFAB46B248A4842449E4 /* Processor.swift */ = {isa = PBXFileReference; name = "Processor.swift"; path = "ElectrodeReactNativeBridge/Processor.swift"; sourceTree = "<group>"; fileEncoding = 4; lastKnownFileType = sourcecode.swift; explicitFileType = undefined; includeInIndex = 0; };
		789B65BED7794F509F826D46 /* None.swift */ = {isa = PBXFileReference; name = "None.swift"; path = "ElectrodeReactNativeBridge/None.swift"; sourceTree = "<group>"; fileEncoding = 4; lastKnownFileType = sourcecode.swift; explicitFileType = undefined; includeInIndex = 0; };
		ABE01DDBC1D84E1EABCC4ADA /* ElectrodeBridgeEvent.m */ = {isa = PBXFileReference; name = "ElectrodeBridgeEvent.m"; path = "ElectrodeReactNativeBridge/ElectrodeBridgeEvent.m"; sourceTree = "<group>"; fileEncoding = 4; lastKnownFileType = sourcecode.c.objc; explicitFileType = undefined; includeInIndex = 0; };
		A4C3CED9752D42B393639C2A /* ElectrodeBridgeFailureMessage.m */ = {isa = PBXFileReference; name = "ElectrodeBridgeFailureMessage.m"; path = "ElectrodeReactNativeBridge/ElectrodeBridgeFailureMessage.m"; sourceTree = "<group>"; fileEncoding = 4; lastKnownFileType = sourcecode.c.objc; explicitFileType = undefined; includeInIndex = 0; };
		80351D044BE3422E9358F9D5 /* ElectrodeBridgeHolder.m */ = {isa = PBXFileReference; name = "ElectrodeBridgeHolder.m"; path = "ElectrodeReactNativeBridge/ElectrodeBridgeHolder.m"; sourceTree = "<group>"; fileEncoding = 4; lastKnownFileType = sourcecode.c.objc; explicitFileType = undefined; includeInIndex = 0; };
		F4DF1BE76FE94B48A77BE54C /* ElectrodeBridgeMessage.m */ = {isa = PBXFileReference; name = "ElectrodeBridgeMessage.m"; path = "ElectrodeReactNativeBridge/ElectrodeBridgeMessage.m"; sourceTree = "<group>"; fileEncoding = 4; lastKnownFileType = sourcecode.c.objc; explicitFileType = undefined; includeInIndex = 0; };
		6B5C19C830854A628D22B78E /* ElectrodeBridgeProtocols.m */ = {isa = PBXFileReference; name = "ElectrodeBridgeProtocols.m"; path = "ElectrodeReactNativeBridge/ElectrodeBridgeProtocols.m"; sourceTree = "<group>"; fileEncoding = 4; lastKnownFileType = sourcecode.c.objc; explicitFileType = undefined; includeInIndex = 0; };
		D1AF8D6834E249448F5DDE5D /* ElectrodeBridgeRequest.m */ = {isa = PBXFileReference; name = "ElectrodeBridgeRequest.m"; path = "ElectrodeReactNativeBridge/ElectrodeBridgeRequest.m"; sourceTree = "<group>"; fileEncoding = 4; lastKnownFileType = sourcecode.c.objc; explicitFileType = undefined; includeInIndex = 0; };
		7272993A45294CD4A8636A12 /* ElectrodeBridgeResponse.m */ = {isa = PBXFileReference; name = "ElectrodeBridgeResponse.m"; path = "ElectrodeReactNativeBridge/ElectrodeBridgeResponse.m"; sourceTree = "<group>"; fileEncoding = 4; lastKnownFileType = sourcecode.c.objc; explicitFileType = undefined; includeInIndex = 0; };
		C36DDECA33164E0C8BBDC675 /* ElectrodeBridgeTransaction.m */ = {isa = PBXFileReference; name = "ElectrodeBridgeTransaction.m"; path = "ElectrodeReactNativeBridge/ElectrodeBridgeTransaction.m"; sourceTree = "<group>"; fileEncoding = 4; lastKnownFileType = sourcecode.c.objc; explicitFileType = undefined; includeInIndex = 0; };
		8328E02C14654719ADE8CC52 /* ElectrodeBridgeTransceiver.m */ = {isa = PBXFileReference; name = "ElectrodeBridgeTransceiver.m"; path = "ElectrodeReactNativeBridge/ElectrodeBridgeTransceiver.m"; sourceTree = "<group>"; fileEncoding = 4; lastKnownFileType = sourcecode.c.objc; explicitFileType = undefined; includeInIndex = 0; };
		8EA244DA778F494DAFB2E0E4 /* ElectrodeEventDispatcher.m */ = {isa = PBXFileReference; name = "ElectrodeEventDispatcher.m"; path = "ElectrodeReactNativeBridge/ElectrodeEventDispatcher.m"; sourceTree = "<group>"; fileEncoding = 4; lastKnownFileType = sourcecode.c.objc; explicitFileType = undefined; includeInIndex = 0; };
		99B956BA714A49EBA562DAC2 /* ElectrodeEventRegistrar.m */ = {isa = PBXFileReference; name = "ElectrodeEventRegistrar.m"; path = "ElectrodeReactNativeBridge/ElectrodeEventRegistrar.m"; sourceTree = "<group>"; fileEncoding = 4; lastKnownFileType = sourcecode.c.objc; explicitFileType = undefined; includeInIndex = 0; };
		2C2688AB10454574BFD811D1 /* ElectrodeRequestDispatcher.m */ = {isa = PBXFileReference; name = "ElectrodeRequestDispatcher.m"; path = "ElectrodeReactNativeBridge/ElectrodeRequestDispatcher.m"; sourceTree = "<group>"; fileEncoding = 4; lastKnownFileType = sourcecode.c.objc; explicitFileType = undefined; includeInIndex = 0; };
		6590E3B3351A471EBBA90593 /* ElectrodeRequestRegistrar.m */ = {isa = PBXFileReference; name = "ElectrodeRequestRegistrar.m"; path = "ElectrodeReactNativeBridge/ElectrodeRequestRegistrar.m"; sourceTree = "<group>"; fileEncoding = 4; lastKnownFileType = sourcecode.c.objc; explicitFileType = undefined; includeInIndex = 0; };
		728446AE53594FA38FFD14E3 /* ElectrodeLogger.m */ = {isa = PBXFileReference; name = "ElectrodeLogger.m"; path = "ElectrodeReactNativeBridge/ElectrodeLogger.m"; sourceTree = "<group>"; fileEncoding = 4; lastKnownFileType = sourcecode.c.objc; explicitFileType = undefined; includeInIndex = 0; };
		66A40CF43D264C65A927F297 /* ElectrodeBridgeEvent.h */ = {isa = PBXFileReference; name = "ElectrodeBridgeEvent.h"; path = "ElectrodeReactNativeBridge/ElectrodeBridgeEvent.h"; sourceTree = "<group>"; fileEncoding = 4; lastKnownFileType = sourcecode.c.h; explicitFileType = undefined; includeInIndex = 0; };
		562F21AA94904885BA6C0104 /* ElectrodeBridgeFailureMessage.h */ = {isa = PBXFileReference; name = "ElectrodeBridgeFailureMessage.h"; path = "ElectrodeReactNativeBridge/ElectrodeBridgeFailureMessage.h"; sourceTree = "<group>"; fileEncoding = 4; lastKnownFileType = sourcecode.c.h; explicitFileType = undefined; includeInIndex = 0; };
		8FFD3874084747A3B34F81DC /* ElectrodeBridgeHolder.h */ = {isa = PBXFileReference; name = "ElectrodeBridgeHolder.h"; path = "ElectrodeReactNativeBridge/ElectrodeBridgeHolder.h"; sourceTree = "<group>"; fileEncoding = 4; lastKnownFileType = sourcecode.c.h; explicitFileType = undefined; includeInIndex = 0; };
		50072D10B344483881FD063D /* ElectrodeBridgeMessage.h */ = {isa = PBXFileReference; name = "ElectrodeBridgeMessage.h"; path = "ElectrodeReactNativeBridge/ElectrodeBridgeMessage.h"; sourceTree = "<group>"; fileEncoding = 4; lastKnownFileType = sourcecode.c.h; explicitFileType = undefined; includeInIndex = 0; };
		5E003E69219F4207AE05473A /* ElectrodeBridgeProtocols.h */ = {isa = PBXFileReference; name = "ElectrodeBridgeProtocols.h"; path = "ElectrodeReactNativeBridge/ElectrodeBridgeProtocols.h"; sourceTree = "<group>"; fileEncoding = 4; lastKnownFileType = sourcecode.c.h; explicitFileType = undefined; includeInIndex = 0; };
		074E2565DA384DA4B57A6715 /* ElectrodeBridgeRequest.h */ = {isa = PBXFileReference; name = "ElectrodeBridgeRequest.h"; path = "ElectrodeReactNativeBridge/ElectrodeBridgeRequest.h"; sourceTree = "<group>"; fileEncoding = 4; lastKnownFileType = sourcecode.c.h; explicitFileType = undefined; includeInIndex = 0; };
		3FF80C439EE745119D96B730 /* ElectrodeBridgeTransaction.h */ = {isa = PBXFileReference; name = "ElectrodeBridgeTransaction.h"; path = "ElectrodeReactNativeBridge/ElectrodeBridgeTransaction.h"; sourceTree = "<group>"; fileEncoding = 4; lastKnownFileType = sourcecode.c.h; explicitFileType = undefined; includeInIndex = 0; };
		AD40BA35BFD04619A46432B4 /* ElectrodeBridgeTransceiver.h */ = {isa = PBXFileReference; name = "ElectrodeBridgeTransceiver.h"; path = "ElectrodeReactNativeBridge/ElectrodeBridgeTransceiver.h"; sourceTree = "<group>"; fileEncoding = 4; lastKnownFileType = sourcecode.c.h; explicitFileType = undefined; includeInIndex = 0; };
		E9D45935A58F45CC890307D5 /* ElectrodeBridgeTransceiver_Internal.h */ = {isa = PBXFileReference; name = "ElectrodeBridgeTransceiver_Internal.h"; path = "ElectrodeReactNativeBridge/ElectrodeBridgeTransceiver_Internal.h"; sourceTree = "<group>"; fileEncoding = 4; lastKnownFileType = sourcecode.c.h; explicitFileType = undefined; includeInIndex = 0; };
		0141D686ED414FD894265327 /* ElectrodeEventDispatcher.h */ = {isa = PBXFileReference; name = "ElectrodeEventDispatcher.h"; path = "ElectrodeReactNativeBridge/ElectrodeEventDispatcher.h"; sourceTree = "<group>"; fileEncoding = 4; lastKnownFileType = sourcecode.c.h; explicitFileType = undefined; includeInIndex = 0; };
		AB9E63F354434A2B8C1D0F50 /* ElectrodeEventRegistrar.h */ = {isa = PBXFileReference; name = "ElectrodeEventRegistrar.h"; path = "ElectrodeReactNativeBridge/ElectrodeEventRegistrar.h"; sourceTree = "<group>"; fileEncoding = 4; lastKnownFileType = sourcecode.c.h; explicitFileType = undefined; includeInIndex = 0; };
		21ECEC16B7794017989D71B9 /* ElectrodeRequestDispatcher.h */ = {isa = PBXFileReference; name = "ElectrodeRequestDispatcher.h"; path = "ElectrodeReactNativeBridge/ElectrodeRequestDispatcher.h"; sourceTree = "<group>"; fileEncoding = 4; lastKnownFileType = sourcecode.c.h; explicitFileType = undefined; includeInIndex = 0; };
		B09EB8122E9C42C694CA8F75 /* ElectrodeRequestRegistrar.h */ = {isa = PBXFileReference; name = "ElectrodeRequestRegistrar.h"; path = "ElectrodeReactNativeBridge/ElectrodeRequestRegistrar.h"; sourceTree = "<group>"; fileEncoding = 4; lastKnownFileType = sourcecode.c.h; explicitFileType = undefined; includeInIndex = 0; };
		8F91E43A9E1A443FACCF36E8 /* ElectrodeReactNativeBridge.h */ = {isa = PBXFileReference; name = "ElectrodeReactNativeBridge.h"; path = "ElectrodeReactNativeBridge/ElectrodeReactNativeBridge.h"; sourceTree = "<group>"; fileEncoding = 4; lastKnownFileType = sourcecode.c.h; explicitFileType = undefined; includeInIndex = 0; };
		269D70B1FD82400DBC4F9917 /* ElectrodeBridgeResponse.h */ = {isa = PBXFileReference; name = "ElectrodeBridgeResponse.h"; path = "ElectrodeReactNativeBridge/ElectrodeBridgeResponse.h"; sourceTree = "<group>"; fileEncoding = 4; lastKnownFileType = sourcecode.c.h; explicitFileType = undefined; includeInIndex = 0; };
		88E86085F0BC4AA5BF5DD270 /* ElectrodeLogger.h */ = {isa = PBXFileReference; name = "ElectrodeLogger.h"; path = "ElectrodeReactNativeBridge/ElectrodeLogger.h"; sourceTree = "<group>"; fileEncoding = 4; lastKnownFileType = sourcecode.c.h; explicitFileType = undefined; includeInIndex = 0; };
		F7FCFB0DD3784BE6B5A45A2D /* BirthYear.swift */ = {isa = PBXFileReference; name = "BirthYear.swift"; path = "APIs/BirthYear.swift"; sourceTree = "<group>"; fileEncoding = 4; lastKnownFileType = sourcecode.swift; explicitFileType = undefined; includeInIndex = 0; };
		D0C5838110824590A2FA1A02 /* Movie.swift */ = {isa = PBXFileReference; name = "Movie.swift"; path = "APIs/Movie.swift"; sourceTree = "<group>"; fileEncoding = 4; lastKnownFileType = sourcecode.swift; explicitFileType = undefined; includeInIndex = 0; };
		B593A866EBD34A50970C0F3C /* MoviesAPI.swift */ = {isa = PBXFileReference; name = "MoviesAPI.swift"; path = "APIs/MoviesAPI.swift"; sourceTree = "<group>"; fileEncoding = 4; lastKnownFileType = sourcecode.swift; explicitFileType = undefined; includeInIndex = 0; };
		D2AF3A90203C4836AD2A6641 /* MoviesRequests.swift */ = {isa = PBXFileReference; name = "MoviesRequests.swift"; path = "APIs/MoviesRequests.swift"; sourceTree = "<group>"; fileEncoding = 4; lastKnownFileType = sourcecode.swift; explicitFileType = undefined; includeInIndex = 0; };
		7ED194D442894D80AD4EDA67 /* Person.swift */ = {isa = PBXFileReference; name = "Person.swift"; path = "APIs/Person.swift"; sourceTree = "<group>"; fileEncoding = 4; lastKnownFileType = sourcecode.swift; explicitFileType = undefined; includeInIndex = 0; };
		D41103D3DA55483AB7161DDE /* Synopsis.swift */ = {isa = PBXFileReference; name = "Synopsis.swift"; path = "APIs/Synopsis.swift"; sourceTree = "<group>"; fileEncoding = 4; lastKnownFileType = sourcecode.swift; explicitFileType = undefined; includeInIndex = 0; };
		B6D952E22957476986B4BC01 /* NavigateData.swift */ = {isa = PBXFileReference; name = "NavigateData.swift"; path = "APIs/NavigateData.swift"; sourceTree = "<group>"; fileEncoding = 4; lastKnownFileType = sourcecode.swift; explicitFileType = undefined; includeInIndex = 0; };
		7C8507403EC647998ECEE1F7 /* NavigationAPI.swift */ = {isa = PBXFileReference; name = "NavigationAPI.swift"; path = "APIs/NavigationAPI.swift"; sourceTree = "<group>"; fileEncoding = 4; lastKnownFileType = sourcecode.swift; explicitFileType = undefined; includeInIndex = 0; };
		48A1D39F64F44985831AABBC /* NavigationRequests.swift */ = {isa = PBXFileReference; name = "NavigationRequests.swift"; path = "APIs/NavigationRequests.swift"; sourceTree = "<group>"; fileEncoding = 4; lastKnownFileType = sourcecode.swift; explicitFileType = undefined; includeInIndex = 0; };
/* End PBXFileReference section */

/* Begin PBXFrameworksBuildPhase section */
		485009DF1E2FF23B009B6610 /* Frameworks */ = {
			isa = PBXFrameworksBuildPhase;
			buildActionMask = 2147483647;
			files = (
				265AC21C3843472E94FF04FE /* libReact.a in Frameworks */,
				A3901851233949DFA60DB042 /* libRCTActionSheet.a in Frameworks */,
				A7318B92AE1C43BE9FFEADAA /* libRCTImage.a in Frameworks */,
				47B880E2260B43318819CBCA /* libRCTAnimation.a in Frameworks */,
				B0704AA4376140E69DCEDF35 /* libRCTText.a in Frameworks */,
				8243CA9C666A4B11A9CB5F09 /* libRCTWebSocket.a in Frameworks */,
				9BB6969243D74876A94B12B0 /* libRCTGeolocation.a in Frameworks */,
				53446EDD7D1048389FAE3F15 /* libRCTLinking.a in Frameworks */,
				F54B2AC02F0F45FD85187DFE /* libRCTNetwork.a in Frameworks */,
				FB7171E47F254922BD685D91 /* libRCTSettings.a in Frameworks */,
				3C8895A997574612B1DD792E /* libRCTVibration.a in Frameworks */,
				B7A0D6A7B7E54ADFB4849F40 /* libRCTCameraRoll.a in Frameworks */,
			);
			runOnlyForDeploymentPostprocessing = 0;
		};
		485009E91E2FF23C009B6610 /* Frameworks */ = {
			isa = PBXFrameworksBuildPhase;
			buildActionMask = 2147483647;
			files = (
				485009ED1E2FF23C009B6610 /* ElectrodeContainer.framework in Frameworks */,
			);
			runOnlyForDeploymentPostprocessing = 0;
		};
/* End PBXFrameworksBuildPhase section */

/* Begin PBXGroup section */
		226325CE1E80594F00CD0B10 /* ReactNative */ = {
			isa = PBXGroup;
			children = (
				88EE49036A224A68A348E9D8 /* React.xcodeproj */,
				200FE575F34A4CA3B654996D /* RCTActionSheet.xcodeproj */,
				5AEC13D3B3F74BB6A70F6C00 /* RCTImage.xcodeproj */,
				41A0AFADC7294F03993DC4E4 /* RCTAnimation.xcodeproj */,
				8EB4BA97B2ED4923A4C8A4A1 /* RCTText.xcodeproj */,
				9AFB76E51E7249A488BE5322 /* RCTWebSocket.xcodeproj */,
				9A2E1C192B24433DA5CE4067 /* RCTGeolocation.xcodeproj */,
				A4C46629E5B149A38C8E280D /* RCTLinking.xcodeproj */,
				C19AB1F38E754C6785AE647F /* RCTNetwork.xcodeproj */,
				98030BF164464996BED2AE61 /* RCTSettings.xcodeproj */,
				0138C29A14E548C795FAA37E /* RCTVibration.xcodeproj */,
				24408E3BC9A345C89F864128 /* RCTCameraRoll.xcodeproj */,
			);
			name = ReactNative;
			sourceTree = "<group>";
		};
		22C096A91EA0893F00E1486A /* APIs */ = {
			isa = PBXGroup;
			children = (
				F7FCFB0DD3784BE6B5A45A2D /* BirthYear.swift */,
				D0C5838110824590A2FA1A02 /* Movie.swift */,
				B593A866EBD34A50970C0F3C /* MoviesAPI.swift */,
				D2AF3A90203C4836AD2A6641 /* MoviesRequests.swift */,
				7ED194D442894D80AD4EDA67 /* Person.swift */,
				D41103D3DA55483AB7161DDE /* Synopsis.swift */,
				B6D952E22957476986B4BC01 /* NavigateData.swift */,
				7C8507403EC647998ECEE1F7 /* NavigationAPI.swift */,
				48A1D39F64F44985831AABBC /* NavigationRequests.swift */,
			);
			name = APIs;
			sourceTree = "<group>";
		};
		22FD4D1E1E96ECBB00FC81DB /* ElectrodeReactNativeBridge */ = {
			isa = PBXGroup;
			children = (
				DC7999060982479CB11CED57 /* ElectrodeObject.swift */,
				768CD339D8244146B7CB97D8 /* Bridgeable.swift */,
				FC946AD3FEC941CA9FD035DA /* ElectrodeRequestHandlerProcessor.swift */,
				ECE58364D0D848F4855E262B /* ElectrodeRequestProcessor.swift */,
				F4DDFEBE51E34DB5A9A0A50D /* ElectrodeUtilities.swift */,
				028763DFB6E044BDB25B8408 /* EventListenerProcessor.swift */,
				96FBA20A7DA643C6A57B8D85 /* EventProcessor.swift */,
				B9C7BFAB46B248A4842449E4 /* Processor.swift */,
				789B65BED7794F509F826D46 /* None.swift */,
				ABE01DDBC1D84E1EABCC4ADA /* ElectrodeBridgeEvent.m */,
				A4C3CED9752D42B393639C2A /* ElectrodeBridgeFailureMessage.m */,
				80351D044BE3422E9358F9D5 /* ElectrodeBridgeHolder.m */,
				F4DF1BE76FE94B48A77BE54C /* ElectrodeBridgeMessage.m */,
				6B5C19C830854A628D22B78E /* ElectrodeBridgeProtocols.m */,
				D1AF8D6834E249448F5DDE5D /* ElectrodeBridgeRequest.m */,
				7272993A45294CD4A8636A12 /* ElectrodeBridgeResponse.m */,
				C36DDECA33164E0C8BBDC675 /* ElectrodeBridgeTransaction.m */,
				8328E02C14654719ADE8CC52 /* ElectrodeBridgeTransceiver.m */,
				8EA244DA778F494DAFB2E0E4 /* ElectrodeEventDispatcher.m */,
				99B956BA714A49EBA562DAC2 /* ElectrodeEventRegistrar.m */,
				2C2688AB10454574BFD811D1 /* ElectrodeRequestDispatcher.m */,
				6590E3B3351A471EBBA90593 /* ElectrodeRequestRegistrar.m */,
				728446AE53594FA38FFD14E3 /* ElectrodeLogger.m */,
				66A40CF43D264C65A927F297 /* ElectrodeBridgeEvent.h */,
				562F21AA94904885BA6C0104 /* ElectrodeBridgeFailureMessage.h */,
				8FFD3874084747A3B34F81DC /* ElectrodeBridgeHolder.h */,
				50072D10B344483881FD063D /* ElectrodeBridgeMessage.h */,
				5E003E69219F4207AE05473A /* ElectrodeBridgeProtocols.h */,
				074E2565DA384DA4B57A6715 /* ElectrodeBridgeRequest.h */,
				3FF80C439EE745119D96B730 /* ElectrodeBridgeTransaction.h */,
				AD40BA35BFD04619A46432B4 /* ElectrodeBridgeTransceiver.h */,
				E9D45935A58F45CC890307D5 /* ElectrodeBridgeTransceiver_Internal.h */,
				0141D686ED414FD894265327 /* ElectrodeEventDispatcher.h */,
				AB9E63F354434A2B8C1D0F50 /* ElectrodeEventRegistrar.h */,
				21ECEC16B7794017989D71B9 /* ElectrodeRequestDispatcher.h */,
				B09EB8122E9C42C694CA8F75 /* ElectrodeRequestRegistrar.h */,
				8F91E43A9E1A443FACCF36E8 /* ElectrodeReactNativeBridge.h */,
				269D70B1FD82400DBC4F9917 /* ElectrodeBridgeResponse.h */,
				88E86085F0BC4AA5BF5DD270 /* ElectrodeLogger.h */,
			);
			name = ElectrodeReactNativeBridge;
			sourceTree = "<group>";
		};
		301CBA4B1F342FB00048C58B /* Resources */ = {
			isa = PBXGroup;
			children = (
			);
			name = Resources;
			sourceTree = "<group>";
		};
		485009D91E2FF23B009B6610 = {
			isa = PBXGroup;
			children = (
				485009E51E2FF23B009B6610 /* ElectrodeContainer */,
				485009F01E2FF23C009B6610 /* ElectrodeContainerTests */,
				485009E41E2FF23B009B6610 /* Products */,
				485009FD1E2FF25D009B6610 /* Libraries */,
				48500AA71E2FFA14009B6610 /* Frameworks */,
			);
			sourceTree = "<group>";
		};
		485009E41E2FF23B009B6610 /* Products */ = {
			isa = PBXGroup;
			children = (
				485009E31E2FF23B009B6610 /* ElectrodeContainer.framework */,
				485009EC1E2FF23C009B6610 /* ElectrodeContainerTests.xctest */,
			);
			name = Products;
			sourceTree = "<group>";
		};
		485009E51E2FF23B009B6610 /* ElectrodeContainer */ = {
			isa = PBXGroup;
			children = (
				7F9A82FD1FB117530026F523 /* APIImpls */,
				301CBA4B1F342FB00048C58B /* Resources */,
				2265A4A11EB26943007D6C3D /* Info.plist */,
				22C096A91EA0893F00E1486A /* APIs */,
				22FD4D1E1E96ECBB00FC81DB /* ElectrodeReactNativeBridge */,
				968333D51E54E3470031C565 /* ElectrodeBridgeDelegate.h */,
				968333D61E54E3470031C565 /* ElectrodeBridgeDelegate.m */,
				485009E61E2FF23B009B6610 /* ElectrodeContainer.h */,
				48500A961E2FF55B009B6610 /* ElectrodeReactNative.h */,
				30F8CDED1E67946E00413247 /* ElectrodeReactNative_Internal.h */,
				48500A971E2FF55B009B6610 /* ElectrodeReactNative.m */,
				301CB9011F33F3450048C58B /* NSBundle+frameworkBundle.h */,
				301CB9001F33F3450048C58B /* NSBundle+frameworkBundle.m */,
			);
			path = ElectrodeContainer;
			name = ElectrodeContainer;
			sourceTree = "<group>";
		};
		485009F01E2FF23C009B6610 /* ElectrodeContainerTests */ = {
			isa = PBXGroup;
			children = (
				485009F31E2FF23C009B6610 /* Info.plist */,
			);
			path = ElectrodeContainerTests;
			sourceTree = "<group>";
		};
		485009FD1E2FF25D009B6610 /* Libraries */ = {
			isa = PBXGroup;
			children = (
				226325CE1E80594F00CD0B10 /* ReactNative */,
				9654B8921E5CCA1D00AFF607 /* MiniApp */,
			);
			name = Libraries;
			path = ElectrodeContainer/Libraries;
			sourceTree = "<group>";
		};
		48500AA71E2FFA14009B6610 /* Frameworks */ = {
			isa = PBXGroup;
			children = (
			);
			name = Frameworks;
			sourceTree = "<group>";
		};
		7F9A82FD1FB117530026F523 /* APIImpls */ = {
			isa = PBXGroup;
			children = (
			);
			name = APIImpls;
			sourceTree = "<group>";
		};
		9654B8921E5CCA1D00AFF607 /* MiniApp */ = {
			isa = PBXGroup;
			children = (
				22BF1FEA1E8DAAF800E7F500 /* assets */,
				223A89451E89CDC70092741E /* MiniApp.jsbundle */,
			);
			path = MiniApp;
			sourceTree = "<group>";
		};
		5FBFC5C7372145ED86151436 /* Products */ = {
			isa = PBXGroup;
			children = (
				21804C022A2743A39067A553 /* libReact.a */,
			);
			name = Products;
			path = undefined;
			sourceTree = "<group>";
		};
		E040B1F54FE3438D93CD9413 /* Products */ = {
			isa = PBXGroup;
			children = (
				0EB5B0339D8F4AB38C42846E /* libRCTActionSheet.a */,
			);
			name = Products;
			path = undefined;
			sourceTree = "<group>";
		};
		CE84DB1636604C7FB760E7AB /* Products */ = {
			isa = PBXGroup;
			children = (
				6A12FA8A95A74B73BCF1910D /* libRCTImage.a */,
			);
			name = Products;
			path = undefined;
			sourceTree = "<group>";
		};
		8577025E0B7F41BF839A1A00 /* Products */ = {
			isa = PBXGroup;
			children = (
				53224DED4375424C9DD4B7BF /* libRCTAnimation.a */,
			);
			name = Products;
			path = undefined;
			sourceTree = "<group>";
		};
		801EE8C64E93419983D90841 /* Products */ = {
			isa = PBXGroup;
			children = (
				1FD95DE25DEC4C52B7D769AD /* libRCTText.a */,
			);
			name = Products;
			path = undefined;
			sourceTree = "<group>";
		};
		26EBEF68EB3448278150C7B9 /* Products */ = {
			isa = PBXGroup;
			children = (
				1B512551DDB746B380084153 /* libRCTWebSocket.a */,
			);
			name = Products;
			path = undefined;
			sourceTree = "<group>";
		};
		3CBB2013287042B3A2FE7F97 /* Products */ = {
			isa = PBXGroup;
			children = (
				1DE6FBBCA31144EABDB13F5C /* libRCTGeolocation.a */,
			);
			name = Products;
			path = undefined;
			sourceTree = "<group>";
		};
		D5A69C83764541848D94B36D /* Products */ = {
			isa = PBXGroup;
			children = (
				76EFEEE0A66544879F34CE9F /* libRCTLinking.a */,
			);
			name = Products;
			path = undefined;
			sourceTree = "<group>";
		};
		CAFADD430FF34431B5CC7A99 /* Products */ = {
			isa = PBXGroup;
			children = (
				215ECC6CAA4E403EAA334321 /* libRCTNetwork.a */,
			);
			name = Products;
			path = undefined;
			sourceTree = "<group>";
		};
		B03A861119954392A0778660 /* Products */ = {
			isa = PBXGroup;
			children = (
				5309112E552B40C7A58DD108 /* libRCTSettings.a */,
			);
			name = Products;
			path = undefined;
			sourceTree = "<group>";
		};
		54C230F7D45148A9B605FD67 /* Products */ = {
			isa = PBXGroup;
			children = (
				078F9A11C8A047B7A9FE4F9B /* libRCTVibration.a */,
			);
			name = Products;
			path = undefined;
			sourceTree = "<group>";
		};
		E4E2FBC335014F78A00BAD56 /* Products */ = {
			isa = PBXGroup;
			children = (
				36AAD99A25774AB08E3058FF /* libRCTCameraRoll.a */,
			);
			name = Products;
			path = undefined;
			sourceTree = "<group>";
		};
/* End PBXGroup section */

/* Begin PBXHeadersBuildPhase section */
		485009E01E2FF23B009B6610 /* Headers */ = {
			isa = PBXHeadersBuildPhase;
			buildActionMask = 2147483647;
			files = (
				485009F41E2FF23C009B6610 /* ElectrodeContainer.h in Headers */,
				968333D71E54E3470031C565 /* ElectrodeBridgeDelegate.h in Headers */,
				301CB9031F33F3450048C58B /* NSBundle+frameworkBundle.h in Headers */,
				30F8CDEE1E67946E00413247 /* ElectrodeReactNative_Internal.h in Headers */,
				48500A981E2FF55B009B6610 /* ElectrodeReactNative.h in Headers */,
				914889F80A6142799E23D22B /* ElectrodeBridgeEvent.h in Headers */,
				198640863C5A49178E2847DA /* ElectrodeBridgeFailureMessage.h in Headers */,
				2C40133D50ED423F98AD3CE1 /* ElectrodeBridgeHolder.h in Headers */,
				70D368E83006435495BAC32B /* ElectrodeBridgeMessage.h in Headers */,
				740910ABD91D4A58B520C02A /* ElectrodeBridgeProtocols.h in Headers */,
				C25C6354B83548D4B9FB2ADC /* ElectrodeBridgeRequest.h in Headers */,
				7E7B3748903A40C19E353662 /* ElectrodeBridgeTransaction.h in Headers */,
				614F30B56BAC4E3DB7B8885A /* ElectrodeBridgeTransceiver.h in Headers */,
				724A0570822444F08360F1EB /* ElectrodeBridgeTransceiver_Internal.h in Headers */,
				0424F13E9D9C44CCBD518BEF /* ElectrodeEventDispatcher.h in Headers */,
				7CD3145B483A487C9618CF69 /* ElectrodeEventRegistrar.h in Headers */,
				E014889FE44F41BF93826C56 /* ElectrodeRequestDispatcher.h in Headers */,
				69C856949E7247298BBB2A87 /* ElectrodeRequestRegistrar.h in Headers */,
				24946E32467B47BDB06847A3 /* ElectrodeReactNativeBridge.h in Headers */,
				19A92C877AA244B9925EE77D /* ElectrodeBridgeResponse.h in Headers */,
				038190EB9D4A4F78B96192AB /* ElectrodeLogger.h in Headers */,
			);
			runOnlyForDeploymentPostprocessing = 0;
		};
/* End PBXHeadersBuildPhase section */

/* Begin PBXNativeTarget section */
		485009E21E2FF23B009B6610 /* ElectrodeContainer */ = {
			isa = PBXNativeTarget;
			buildConfigurationList = 485009F71E2FF23C009B6610 /* Build configuration list for PBXNativeTarget "ElectrodeContainer" */;
			buildPhases = (
				485009DE1E2FF23B009B6610 /* Sources */,
				485009DF1E2FF23B009B6610 /* Frameworks */,
				485009E01E2FF23B009B6610 /* Headers */,
				485009E11E2FF23B009B6610 /* Resources */,
			);
			buildRules = (
			);
			dependencies = (
				B370AB17BEE24E4ABE48C837 /* PBXTargetDependency */,
				7B4453B858AC4500A07F62DE /* PBXTargetDependency */,
				1AE2FDB2E59C47A0A5F21A2E /* PBXTargetDependency */,
				13BA21E81CC64F2AB53903B8 /* PBXTargetDependency */,
				A4AB18D671C84994996B550D /* PBXTargetDependency */,
				A38C53F0C0454D5D8E1A78E3 /* PBXTargetDependency */,
				714CBE682B94460F91E993DC /* PBXTargetDependency */,
				05E179545B4A4B198DA2A5BD /* PBXTargetDependency */,
				65AACBD68D4A48ACB738C80E /* PBXTargetDependency */,
				69A099D760554E259A3DC9A8 /* PBXTargetDependency */,
				29F04273F0254C2193B1BD29 /* PBXTargetDependency */,
				F64D2C7B7069412F9C6A33BF /* PBXTargetDependency */,
			);
			name = ElectrodeContainer;
			productName = ElectrodeContainer;
			productReference = 485009E31E2FF23B009B6610 /* ElectrodeContainer.framework */;
			productType = "com.apple.product-type.framework";
		};
		485009EB1E2FF23C009B6610 /* ElectrodeContainerTests */ = {
			isa = PBXNativeTarget;
			buildConfigurationList = 485009FA1E2FF23C009B6610 /* Build configuration list for PBXNativeTarget "ElectrodeContainerTests" */;
			buildPhases = (
				485009E81E2FF23C009B6610 /* Sources */,
				485009E91E2FF23C009B6610 /* Frameworks */,
				485009EA1E2FF23C009B6610 /* Resources */,
			);
			buildRules = (
			);
			dependencies = (
				485009EF1E2FF23C009B6610 /* PBXTargetDependency */,
			);
			name = ElectrodeContainerTests;
			productName = ElectrodeContainerTests;
			productReference = 485009EC1E2FF23C009B6610 /* ElectrodeContainerTests.xctest */;
			productType = "com.apple.product-type.bundle.unit-test";
		};
/* End PBXNativeTarget section */

/* Begin PBXProject section */
		485009DA1E2FF23B009B6610 /* Project object */ = {
			isa = PBXProject;
			attributes = {
				LastUpgradeCheck = 820;
				ORGANIZATIONNAME = Walmart;
				TargetAttributes = {
					485009E21E2FF23B009B6610 = {
						CreatedOnToolsVersion = 8.2.1;
						ProvisioningStyle = Automatic;
					};
					485009EB1E2FF23C009B6610 = {
						CreatedOnToolsVersion = 8.2.1;
						DevelopmentTeam = DXZ5VF8836;
						ProvisioningStyle = Automatic;
					};
				};
			};
			buildConfigurationList = 485009DD1E2FF23B009B6610 /* Build configuration list for PBXProject "ElectrodeContainer" */;
			compatibilityVersion = "Xcode 3.2";
			developmentRegion = English;
			hasScannedForEncodings = 0;
			knownRegions = (
				en,
			);
			mainGroup = 485009D91E2FF23B009B6610;
			productRefGroup = 485009E41E2FF23B009B6610 /* Products */;
			projectDirPath = "";
			projectRoot = "";
			targets = (
				485009E21E2FF23B009B6610 /* ElectrodeContainer */,
				485009EB1E2FF23C009B6610 /* ElectrodeContainerTests */,
			);
			projectReferences = (
				{
					ProjectRef = 88EE49036A224A68A348E9D8 /* React.xcodeproj */;
					ProductGroup = 5FBFC5C7372145ED86151436 /* Products */;
				},
				{
					ProjectRef = 200FE575F34A4CA3B654996D /* RCTActionSheet.xcodeproj */;
					ProductGroup = E040B1F54FE3438D93CD9413 /* Products */;
				},
				{
					ProjectRef = 5AEC13D3B3F74BB6A70F6C00 /* RCTImage.xcodeproj */;
					ProductGroup = CE84DB1636604C7FB760E7AB /* Products */;
				},
				{
					ProjectRef = 41A0AFADC7294F03993DC4E4 /* RCTAnimation.xcodeproj */;
					ProductGroup = 8577025E0B7F41BF839A1A00 /* Products */;
				},
				{
					ProjectRef = 8EB4BA97B2ED4923A4C8A4A1 /* RCTText.xcodeproj */;
					ProductGroup = 801EE8C64E93419983D90841 /* Products */;
				},
				{
					ProjectRef = 9AFB76E51E7249A488BE5322 /* RCTWebSocket.xcodeproj */;
					ProductGroup = 26EBEF68EB3448278150C7B9 /* Products */;
				},
				{
					ProjectRef = 9A2E1C192B24433DA5CE4067 /* RCTGeolocation.xcodeproj */;
					ProductGroup = 3CBB2013287042B3A2FE7F97 /* Products */;
				},
				{
					ProjectRef = A4C46629E5B149A38C8E280D /* RCTLinking.xcodeproj */;
					ProductGroup = D5A69C83764541848D94B36D /* Products */;
				},
				{
					ProjectRef = C19AB1F38E754C6785AE647F /* RCTNetwork.xcodeproj */;
					ProductGroup = CAFADD430FF34431B5CC7A99 /* Products */;
				},
				{
					ProjectRef = 98030BF164464996BED2AE61 /* RCTSettings.xcodeproj */;
					ProductGroup = B03A861119954392A0778660 /* Products */;
				},
				{
					ProjectRef = 0138C29A14E548C795FAA37E /* RCTVibration.xcodeproj */;
					ProductGroup = 54C230F7D45148A9B605FD67 /* Products */;
				},
				{
					ProjectRef = 24408E3BC9A345C89F864128 /* RCTCameraRoll.xcodeproj */;
					ProductGroup = E4E2FBC335014F78A00BAD56 /* Products */;
				},
			);
		};
/* End PBXProject section */

/* Begin PBXReferenceProxy section */
		21804C022A2743A39067A553 /* libReact.a */ = {
			isa = PBXReferenceProxy;
			fileType = archive.ar;
			path = libReact.a;
			remoteRef = 81563A02E13C47D690A6D215 /* PBXContainerItemProxy */;
			sourceTree = BUILT_PRODUCTS_DIR;
		};
		0EB5B0339D8F4AB38C42846E /* libRCTActionSheet.a */ = {
			isa = PBXReferenceProxy;
			fileType = archive.ar;
			path = libRCTActionSheet.a;
			remoteRef = 46DC07461A394DDD980BEF60 /* PBXContainerItemProxy */;
			sourceTree = BUILT_PRODUCTS_DIR;
		};
		6A12FA8A95A74B73BCF1910D /* libRCTImage.a */ = {
			isa = PBXReferenceProxy;
			fileType = archive.ar;
			path = libRCTImage.a;
			remoteRef = 7EC7EE093F41424491204CFF /* PBXContainerItemProxy */;
			sourceTree = BUILT_PRODUCTS_DIR;
		};
		53224DED4375424C9DD4B7BF /* libRCTAnimation.a */ = {
			isa = PBXReferenceProxy;
			fileType = archive.ar;
			path = libRCTAnimation.a;
			remoteRef = 957189F08FD547009A64BF97 /* PBXContainerItemProxy */;
			sourceTree = BUILT_PRODUCTS_DIR;
		};
		1FD95DE25DEC4C52B7D769AD /* libRCTText.a */ = {
			isa = PBXReferenceProxy;
			fileType = archive.ar;
			path = libRCTText.a;
			remoteRef = 32C958FB4A304CEAADC929D5 /* PBXContainerItemProxy */;
			sourceTree = BUILT_PRODUCTS_DIR;
		};
		1B512551DDB746B380084153 /* libRCTWebSocket.a */ = {
			isa = PBXReferenceProxy;
			fileType = archive.ar;
			path = libRCTWebSocket.a;
			remoteRef = 22823BDBD45A4017900784AF /* PBXContainerItemProxy */;
			sourceTree = BUILT_PRODUCTS_DIR;
		};
		1DE6FBBCA31144EABDB13F5C /* libRCTGeolocation.a */ = {
			isa = PBXReferenceProxy;
			fileType = archive.ar;
			path = libRCTGeolocation.a;
			remoteRef = 6E7C19BA945B4A3DAFB855BB /* PBXContainerItemProxy */;
			sourceTree = BUILT_PRODUCTS_DIR;
		};
		76EFEEE0A66544879F34CE9F /* libRCTLinking.a */ = {
			isa = PBXReferenceProxy;
			fileType = archive.ar;
			path = libRCTLinking.a;
			remoteRef = 0B347F8B071A40FDA44C16AC /* PBXContainerItemProxy */;
			sourceTree = BUILT_PRODUCTS_DIR;
		};
		215ECC6CAA4E403EAA334321 /* libRCTNetwork.a */ = {
			isa = PBXReferenceProxy;
			fileType = archive.ar;
			path = libRCTNetwork.a;
			remoteRef = EAF7D0133D2942D684D42CA7 /* PBXContainerItemProxy */;
			sourceTree = BUILT_PRODUCTS_DIR;
		};
		5309112E552B40C7A58DD108 /* libRCTSettings.a */ = {
			isa = PBXReferenceProxy;
			fileType = archive.ar;
			path = libRCTSettings.a;
			remoteRef = F712DF5CE10B497ABD7CB596 /* PBXContainerItemProxy */;
			sourceTree = BUILT_PRODUCTS_DIR;
		};
		078F9A11C8A047B7A9FE4F9B /* libRCTVibration.a */ = {
			isa = PBXReferenceProxy;
			fileType = archive.ar;
			path = libRCTVibration.a;
			remoteRef = 65A255EF988C4B2299DA5C3F /* PBXContainerItemProxy */;
			sourceTree = BUILT_PRODUCTS_DIR;
		};
		36AAD99A25774AB08E3058FF /* libRCTCameraRoll.a */ = {
			isa = PBXReferenceProxy;
			fileType = archive.ar;
			path = libRCTCameraRoll.a;
			remoteRef = 9EAD0BB0B15343C2A40A7A26 /* PBXContainerItemProxy */;
			sourceTree = BUILT_PRODUCTS_DIR;
		};
/* End PBXReferenceProxy section */

/* Begin PBXResourcesBuildPhase section */
		485009E11E2FF23B009B6610 /* Resources */ = {
			isa = PBXResourcesBuildPhase;
			buildActionMask = 2147483647;
			files = (
				22BF1FEB1E8DAAF800E7F500 /* assets in Resources */,
				223A89461E89CDC70092741E /* MiniApp.jsbundle in Resources */,
				2265A4A21EB26943007D6C3D /* Info.plist in Resources */,
			);
			runOnlyForDeploymentPostprocessing = 0;
		};
		485009EA1E2FF23C009B6610 /* Resources */ = {
			isa = PBXResourcesBuildPhase;
			buildActionMask = 2147483647;
			files = (
			);
			runOnlyForDeploymentPostprocessing = 0;
		};
/* End PBXResourcesBuildPhase section */

/* Begin PBXSourcesBuildPhase section */
		485009DE1E2FF23B009B6610 /* Sources */ = {
			isa = PBXSourcesBuildPhase;
			buildActionMask = 2147483647;
			files = (
				48500A991E2FF55B009B6610 /* ElectrodeReactNative.m in Sources */,
				301CB9021F33F3450048C58B /* NSBundle+frameworkBundle.m in Sources */,
				968333D81E54E3470031C565 /* ElectrodeBridgeDelegate.m in Sources */,
				12A9AC61CFE64C71987F9491 /* ElectrodeObject.swift in Sources */,
				C132D1CFA8F4436EAD547FE1 /* Bridgeable.swift in Sources */,
				365528AAFA0A4DB68BD5146C /* ElectrodeRequestHandlerProcessor.swift in Sources */,
				B99B25F5A3B94E5586A591C5 /* ElectrodeRequestProcessor.swift in Sources */,
				AAFFC0026AF340E78BA4534A /* ElectrodeUtilities.swift in Sources */,
				FDEB9968371642FEA1AACC4E /* EventListenerProcessor.swift in Sources */,
				049319FFBF4C4A71A8D98EBF /* EventProcessor.swift in Sources */,
				4E67D2FF26CF4E11B95E49BE /* Processor.swift in Sources */,
				A4AF67440586444B8DEC4292 /* None.swift in Sources */,
				B7196028102F440C959A0334 /* ElectrodeBridgeEvent.m in Sources */,
				959216D730B848E4A1D0D23D /* ElectrodeBridgeFailureMessage.m in Sources */,
				8B37C1E55B7C4853BDA641FD /* ElectrodeBridgeHolder.m in Sources */,
				FD6FEE0764994EA98316BAF0 /* ElectrodeBridgeMessage.m in Sources */,
				A8D4903BAFFC4F3AB70ADE8A /* ElectrodeBridgeProtocols.m in Sources */,
				FB90A7C492EB499AA7C89086 /* ElectrodeBridgeRequest.m in Sources */,
				80905BD3617A442089A7FCD1 /* ElectrodeBridgeResponse.m in Sources */,
				1DBFA2398F99462EB8B7C32E /* ElectrodeBridgeTransaction.m in Sources */,
				3DEF13D44A664B348E9ED0A7 /* ElectrodeBridgeTransceiver.m in Sources */,
				6E50E451EF414703A6815846 /* ElectrodeEventDispatcher.m in Sources */,
				3748B2CE5FE541B39EE8EEAC /* ElectrodeEventRegistrar.m in Sources */,
				9E2D412355B7492CA61EC3B8 /* ElectrodeRequestDispatcher.m in Sources */,
				38F0BB9A98B54375A9FB7103 /* ElectrodeRequestRegistrar.m in Sources */,
				529A3B2AD1F347D080EC3CD0 /* ElectrodeLogger.m in Sources */,
				A7FA624FE8EF4D078216DE3F /* BirthYear.swift in Sources */,
				AED8D04C41694783AF4A1D2D /* Movie.swift in Sources */,
				4183A47D65564C049152F871 /* MoviesAPI.swift in Sources */,
				B2D6F4D07B524884851EA591 /* MoviesRequests.swift in Sources */,
				5B63978F307A4195895D8474 /* Person.swift in Sources */,
				0666AFA413CB47D081FF4C29 /* Synopsis.swift in Sources */,
				428A9C10EA6C400EA3DB729D /* NavigateData.swift in Sources */,
				ACEAF2645FC44C1F9F7D440F /* NavigationAPI.swift in Sources */,
				74E5ADF592514E67BCA4C328 /* NavigationRequests.swift in Sources */,
			);
			runOnlyForDeploymentPostprocessing = 0;
		};
		485009E81E2FF23C009B6610 /* Sources */ = {
			isa = PBXSourcesBuildPhase;
			buildActionMask = 2147483647;
			files = (
			);
			runOnlyForDeploymentPostprocessing = 0;
		};
/* End PBXSourcesBuildPhase section */

/* Begin PBXTargetDependency section */
		485009EF1E2FF23C009B6610 /* PBXTargetDependency */ = {
			isa = PBXTargetDependency;
			target = 485009E21E2FF23B009B6610 /* ElectrodeContainer */;
			targetProxy = 485009EE1E2FF23C009B6610 /* PBXContainerItemProxy */;
		};
		B370AB17BEE24E4ABE48C837 /* PBXTargetDependency */ = {
			isa = PBXTargetDependency;
			name = React;
			targetProxy = 610D408A77944EB9BD526418 /* PBXContainerItemProxy */;
		};
		7B4453B858AC4500A07F62DE /* PBXTargetDependency */ = {
			isa = PBXTargetDependency;
			name = RCTActionSheet;
			targetProxy = 7064F1A273BC456AB994B4C2 /* PBXContainerItemProxy */;
		};
		1AE2FDB2E59C47A0A5F21A2E /* PBXTargetDependency */ = {
			isa = PBXTargetDependency;
			name = RCTImage;
			targetProxy = 43DFC5FE8C45443DA11EE697 /* PBXContainerItemProxy */;
		};
		13BA21E81CC64F2AB53903B8 /* PBXTargetDependency */ = {
			isa = PBXTargetDependency;
			name = RCTAnimation;
			targetProxy = 5324B90C506E476A921CAECB /* PBXContainerItemProxy */;
		};
		A4AB18D671C84994996B550D /* PBXTargetDependency */ = {
			isa = PBXTargetDependency;
			name = RCTText;
			targetProxy = EA464B58CA184F2082F31720 /* PBXContainerItemProxy */;
		};
		A38C53F0C0454D5D8E1A78E3 /* PBXTargetDependency */ = {
			isa = PBXTargetDependency;
			name = RCTWebSocket;
			targetProxy = D27C5AAF2DE24FA883BD3BDE /* PBXContainerItemProxy */;
		};
		714CBE682B94460F91E993DC /* PBXTargetDependency */ = {
			isa = PBXTargetDependency;
			name = RCTGeolocation;
			targetProxy = 5012E38D59BD4B229FD396C2 /* PBXContainerItemProxy */;
		};
		05E179545B4A4B198DA2A5BD /* PBXTargetDependency */ = {
			isa = PBXTargetDependency;
			name = RCTLinking;
			targetProxy = 675BF23BDE9C472FA1018F0A /* PBXContainerItemProxy */;
		};
		65AACBD68D4A48ACB738C80E /* PBXTargetDependency */ = {
			isa = PBXTargetDependency;
			name = RCTNetwork;
			targetProxy = 511483C0C276435E983955CB /* PBXContainerItemProxy */;
		};
		69A099D760554E259A3DC9A8 /* PBXTargetDependency */ = {
			isa = PBXTargetDependency;
			name = RCTSettings;
			targetProxy = 540A27C1BFCB49EB88558EBB /* PBXContainerItemProxy */;
		};
		29F04273F0254C2193B1BD29 /* PBXTargetDependency */ = {
			isa = PBXTargetDependency;
			name = RCTVibration;
			targetProxy = A9C8F30BFFE646CA87246785 /* PBXContainerItemProxy */;
		};
		F64D2C7B7069412F9C6A33BF /* PBXTargetDependency */ = {
			isa = PBXTargetDependency;
			name = RCTCameraRoll;
			targetProxy = 73C01651640348A9A6179CA3 /* PBXContainerItemProxy */;
		};
/* End PBXTargetDependency section */

/* Begin XCBuildConfiguration section */
		303268E41EA8139700A41A8F /* QADeployment */ = {
			isa = XCBuildConfiguration;
			buildSettings = {
				ALWAYS_SEARCH_USER_PATHS = NO;
				CLANG_ANALYZER_NONNULL = YES;
				CLANG_CXX_LANGUAGE_STANDARD = "gnu++0x";
				CLANG_CXX_LIBRARY = "libc++";
				CLANG_ENABLE_MODULES = YES;
				CLANG_ENABLE_OBJC_ARC = YES;
				CLANG_WARN_BOOL_CONVERSION = YES;
				CLANG_WARN_CONSTANT_CONVERSION = YES;
				CLANG_WARN_DIRECT_OBJC_ISA_USAGE = YES_ERROR;
				CLANG_WARN_DOCUMENTATION_COMMENTS = YES;
				CLANG_WARN_EMPTY_BODY = YES;
				CLANG_WARN_ENUM_CONVERSION = YES;
				CLANG_WARN_INFINITE_RECURSION = YES;
				CLANG_WARN_INT_CONVERSION = YES;
				CLANG_WARN_OBJC_ROOT_CLASS = YES_ERROR;
				CLANG_WARN_SUSPICIOUS_MOVE = YES;
				CLANG_WARN_UNREACHABLE_CODE = YES;
				CLANG_WARN__DUPLICATE_METHOD_MATCH = YES;
				"CODE_SIGN_IDENTITY[sdk=iphoneos*]" = "iPhone Developer";
				COPY_PHASE_STRIP = NO;
				CURRENT_PROJECT_VERSION = 1;
				DEBUG_INFORMATION_FORMAT = "dwarf-with-dsym";
				ENABLE_STRICT_OBJC_MSGSEND = YES;
				ENABLE_TESTABILITY = YES;
				GCC_C_LANGUAGE_STANDARD = gnu99;
				GCC_DYNAMIC_NO_PIC = NO;
				GCC_NO_COMMON_BLOCKS = YES;
				GCC_OPTIMIZATION_LEVEL = 0;
				GCC_PREPROCESSOR_DEFINITIONS = (
					"DEBUG=1",
					"$(inherited)",
				);
				GCC_WARN_64_TO_32_BIT_CONVERSION = YES;
				GCC_WARN_ABOUT_RETURN_TYPE = YES_ERROR;
				GCC_WARN_UNDECLARED_SELECTOR = YES;
				GCC_WARN_UNINITIALIZED_AUTOS = YES_AGGRESSIVE;
				GCC_WARN_UNUSED_FUNCTION = YES;
				GCC_WARN_UNUSED_VARIABLE = YES;
				IPHONEOS_DEPLOYMENT_TARGET = 9.0;
				MTL_ENABLE_DEBUG_INFO = YES;
				ONLY_ACTIVE_ARCH = YES;
				SDKROOT = iphoneos;
				TARGETED_DEVICE_FAMILY = "1,2";
				VERSIONING_SYSTEM = "apple-generic";
				VERSION_INFO_PREFIX = "";
			};
			name = QADeployment;
		};
		303268E51EA8139700A41A8F /* QADeployment */ = {
			isa = XCBuildConfiguration;
			buildSettings = {
				ALWAYS_EMBED_SWIFT_STANDARD_LIBRARIES = YES;
				CLANG_ALLOW_NON_MODULAR_INCLUDES_IN_FRAMEWORK_MODULES = YES;
				CLANG_ENABLE_MODULES = YES;
				CLANG_WARN_DOCUMENTATION_COMMENTS = NO;
				CODE_SIGN_IDENTITY = "";
				DEFINES_MODULE = YES;
				DYLIB_COMPATIBILITY_VERSION = 1;
				DYLIB_CURRENT_VERSION = 1;
				DYLIB_INSTALL_NAME_BASE = "@rpath";
				ENABLE_ON_DEMAND_RESOURCES = NO;
				ENABLE_TESTABILITY = YES;
				HEADER_SEARCH_PATHS = (
					"$(inherited)/**",
					"$(SRCROOT)/ElectrodeContainer/Libraries/ReactNative/**",
					"$(SRCROOT)/ElectrodeContainer/Libraries/CodePush/**",
				);
				FRAMEWORK_SEARCH_PATHS = (
					"$(inherited)",
				);
				INFOPLIST_FILE = ElectrodeContainer/Info.plist;
				INSTALL_PATH = "$(LOCAL_LIBRARY_DIR)/Frameworks";
				LD_RUNPATH_SEARCH_PATHS = "$(inherited) @executable_path/Frameworks @loader_path/Frameworks";
				LIBRARY_SEARCH_PATHS = (
					"$(inherited)",
					"$(SRCROOT)/ElectrodeContainer/Libraries/ReactNative/**",
					"$(SRCROOT)/ElectrodeContainer/Libraries/CodePush/**",
				);
				ONLY_ACTIVE_ARCH = NO;
				OTHER_LDFLAGS = (
					"-ObjC",
					"-lc++",
					"-lz",
				);
				PRODUCT_BUNDLE_IDENTIFIER = com.walmart.electronics.ElectrodeContainer;
				PRODUCT_NAME = "$(TARGET_NAME)";
				SKIP_INSTALL = YES;
				STRIP_STYLE = debugging;
				SWIFT_ACTIVE_COMPILATION_CONDITIONS = DEBUG;
				SWIFT_OPTIMIZATION_LEVEL = "-Owholemodule";
				SWIFT_VERSION = 3.0;
			};
			name = QADeployment;
		};
		303268E61EA8139700A41A8F /* QADeployment */ = {
			isa = XCBuildConfiguration;
			buildSettings = {
				HEADER_SEARCH_PATHS = (
					"$(inherited)",
					"$(SRCROOT)/ElectrodeContainer/Libraries/CodePush/**",
				);
				FRAMEWORK_SEARCH_PATHS = (
					"$(inherited)",
				);
				INFOPLIST_FILE = ElectrodeContainerTests/Info.plist;
				LD_RUNPATH_SEARCH_PATHS = "$(inherited) @executable_path/Frameworks @loader_path/Frameworks";
				LIBRARY_SEARCH_PATHS = (
					"$(inherited)",
					"$(SRCROOT)/ElectrodeContainer/Libraries/ReactNative/**",
					"$(SRCROOT)/ElectrodeContainer/Libraries/CodePush/**",
				);
				PRODUCT_BUNDLE_IDENTIFIER = com.walmart.electronics.ElectrodeContainerTests;
				PRODUCT_NAME = "$(TARGET_NAME)";
				TEST_HOST = "";
			};
			name = QADeployment;
		};
		485009F51E2FF23C009B6610 /* Debug */ = {
			isa = XCBuildConfiguration;
			buildSettings = {
				ALWAYS_SEARCH_USER_PATHS = NO;
				CLANG_ANALYZER_NONNULL = YES;
				CLANG_CXX_LANGUAGE_STANDARD = "gnu++0x";
				CLANG_CXX_LIBRARY = "libc++";
				CLANG_ENABLE_MODULES = YES;
				CLANG_ENABLE_OBJC_ARC = YES;
				CLANG_WARN_BOOL_CONVERSION = YES;
				CLANG_WARN_CONSTANT_CONVERSION = YES;
				CLANG_WARN_DIRECT_OBJC_ISA_USAGE = YES_ERROR;
				CLANG_WARN_DOCUMENTATION_COMMENTS = YES;
				CLANG_WARN_EMPTY_BODY = YES;
				CLANG_WARN_ENUM_CONVERSION = YES;
				CLANG_WARN_INFINITE_RECURSION = YES;
				CLANG_WARN_INT_CONVERSION = YES;
				CLANG_WARN_OBJC_ROOT_CLASS = YES_ERROR;
				CLANG_WARN_SUSPICIOUS_MOVE = YES;
				CLANG_WARN_UNREACHABLE_CODE = YES;
				CLANG_WARN__DUPLICATE_METHOD_MATCH = YES;
				"CODE_SIGN_IDENTITY[sdk=iphoneos*]" = "iPhone Developer";
				COPY_PHASE_STRIP = NO;
				CURRENT_PROJECT_VERSION = 1;
				DEBUG_INFORMATION_FORMAT = dwarf;
				ENABLE_STRICT_OBJC_MSGSEND = YES;
				ENABLE_TESTABILITY = YES;
				GCC_C_LANGUAGE_STANDARD = gnu99;
				GCC_DYNAMIC_NO_PIC = NO;
				GCC_NO_COMMON_BLOCKS = YES;
				GCC_OPTIMIZATION_LEVEL = 0;
				GCC_PREPROCESSOR_DEFINITIONS = (
					"DEBUG=1",
					"$(inherited)",
				);
				GCC_WARN_64_TO_32_BIT_CONVERSION = YES;
				GCC_WARN_ABOUT_RETURN_TYPE = YES_ERROR;
				GCC_WARN_UNDECLARED_SELECTOR = YES;
				GCC_WARN_UNINITIALIZED_AUTOS = YES_AGGRESSIVE;
				GCC_WARN_UNUSED_FUNCTION = YES;
				GCC_WARN_UNUSED_VARIABLE = YES;
				IPHONEOS_DEPLOYMENT_TARGET = 9.0;
				MTL_ENABLE_DEBUG_INFO = YES;
				ONLY_ACTIVE_ARCH = YES;
				SDKROOT = iphoneos;
				TARGETED_DEVICE_FAMILY = "1,2";
				VERSIONING_SYSTEM = "apple-generic";
				VERSION_INFO_PREFIX = "";
			};
			name = Debug;
		};
		485009F61E2FF23C009B6610 /* Release */ = {
			isa = XCBuildConfiguration;
			buildSettings = {
				ALWAYS_SEARCH_USER_PATHS = NO;
				CLANG_ANALYZER_NONNULL = YES;
				CLANG_CXX_LANGUAGE_STANDARD = "gnu++0x";
				CLANG_CXX_LIBRARY = "libc++";
				CLANG_ENABLE_MODULES = YES;
				CLANG_ENABLE_OBJC_ARC = YES;
				CLANG_WARN_BOOL_CONVERSION = YES;
				CLANG_WARN_CONSTANT_CONVERSION = YES;
				CLANG_WARN_DIRECT_OBJC_ISA_USAGE = YES_ERROR;
				CLANG_WARN_DOCUMENTATION_COMMENTS = YES;
				CLANG_WARN_EMPTY_BODY = YES;
				CLANG_WARN_ENUM_CONVERSION = YES;
				CLANG_WARN_INFINITE_RECURSION = YES;
				CLANG_WARN_INT_CONVERSION = YES;
				CLANG_WARN_OBJC_ROOT_CLASS = YES_ERROR;
				CLANG_WARN_SUSPICIOUS_MOVE = YES;
				CLANG_WARN_UNREACHABLE_CODE = YES;
				CLANG_WARN__DUPLICATE_METHOD_MATCH = YES;
				"CODE_SIGN_IDENTITY[sdk=iphoneos*]" = "iPhone Developer";
				COPY_PHASE_STRIP = NO;
				CURRENT_PROJECT_VERSION = 1;
				DEBUG_INFORMATION_FORMAT = "dwarf-with-dsym";
				ENABLE_NS_ASSERTIONS = NO;
				ENABLE_STRICT_OBJC_MSGSEND = YES;
				GCC_C_LANGUAGE_STANDARD = gnu99;
				GCC_NO_COMMON_BLOCKS = YES;
				GCC_WARN_64_TO_32_BIT_CONVERSION = YES;
				GCC_WARN_ABOUT_RETURN_TYPE = YES_ERROR;
				GCC_WARN_UNDECLARED_SELECTOR = YES;
				GCC_WARN_UNINITIALIZED_AUTOS = YES_AGGRESSIVE;
				GCC_WARN_UNUSED_FUNCTION = YES;
				GCC_WARN_UNUSED_VARIABLE = YES;
				IPHONEOS_DEPLOYMENT_TARGET = 9.0;
				MTL_ENABLE_DEBUG_INFO = NO;
				SDKROOT = iphoneos;
				TARGETED_DEVICE_FAMILY = "1,2";
				VALIDATE_PRODUCT = YES;
				VERSIONING_SYSTEM = "apple-generic";
				VERSION_INFO_PREFIX = "";
			};
			name = Release;
		};
		485009F81E2FF23C009B6610 /* Debug */ = {
			isa = XCBuildConfiguration;
			buildSettings = {
				ALWAYS_EMBED_SWIFT_STANDARD_LIBRARIES = YES;
				CLANG_ALLOW_NON_MODULAR_INCLUDES_IN_FRAMEWORK_MODULES = YES;
				CLANG_ENABLE_MODULES = YES;
				CLANG_WARN_DOCUMENTATION_COMMENTS = NO;
				CODE_SIGN_IDENTITY = "";
				DEFINES_MODULE = YES;
				DYLIB_COMPATIBILITY_VERSION = 1;
				DYLIB_CURRENT_VERSION = 1;
				DYLIB_INSTALL_NAME_BASE = "@rpath";
				HEADER_SEARCH_PATHS = (
					"$(inherited)",
					"$(SRCROOT)/ElectrodeContainer/Libraries/ReactNative/**",
				);
				FRAMEWORK_SEARCH_PATHS = (
					"$(inherited)",
				);
				INFOPLIST_FILE = ElectrodeContainer/Info.plist;
				INSTALL_PATH = "$(LOCAL_LIBRARY_DIR)/Frameworks";
				IPHONEOS_DEPLOYMENT_TARGET = 9.0;
				LD_RUNPATH_SEARCH_PATHS = "$(inherited) @executable_path/Frameworks @loader_path/Frameworks";
				LIBRARY_SEARCH_PATHS = (
					"$(inherited)",
					"$(SRCROOT)/ElectrodeContainer/Libraries/ReactNative/**",
					"$(SRCROOT)/ElectrodeContainer/Libraries/CodePush/**",
				);
				OTHER_LDFLAGS = (
					"-ObjC",
					"-lc++",
					"-lz",
				);
				PRODUCT_BUNDLE_IDENTIFIER = com.walmart.electronics.ElectrodeContainer;
				PRODUCT_NAME = "$(TARGET_NAME)";
				SKIP_INSTALL = YES;
				SWIFT_ACTIVE_COMPILATION_CONDITIONS = DEBUG;
				SWIFT_OPTIMIZATION_LEVEL = "-Onone";
				SWIFT_VERSION = 3.0;
			};
			name = Debug;
		};
		485009F91E2FF23C009B6610 /* Release */ = {
			isa = XCBuildConfiguration;
			buildSettings = {
				CLANG_ALLOW_NON_MODULAR_INCLUDES_IN_FRAMEWORK_MODULES = YES;
				CODE_SIGN_IDENTITY = "";
				DEFINES_MODULE = YES;
				DYLIB_COMPATIBILITY_VERSION = 1;
				DYLIB_CURRENT_VERSION = 1;
				DYLIB_INSTALL_NAME_BASE = "@rpath";
				HEADER_SEARCH_PATHS = (
					"$(inherited)",
					"$(SRCROOT)/ElectrodeContainer/Libraries/ReactNative/**",
					"$(SRCROOT)/ElectrodeContainer/Libraries/CodePush/**",
				);
				FRAMEWORK_SEARCH_PATHS = (
					"$(inherited)",
				);
				INFOPLIST_FILE = ElectrodeContainer/Info.plist;
				INSTALL_PATH = "$(LOCAL_LIBRARY_DIR)/Frameworks";
				IPHONEOS_DEPLOYMENT_TARGET = 9.0;
				LD_RUNPATH_SEARCH_PATHS = "$(inherited) @executable_path/Frameworks @loader_path/Frameworks";
				LIBRARY_SEARCH_PATHS = (
					"$(inherited)",
					"$(SRCROOT)/ElectrodeContainer/Libraries/ReactNative/**",
					"$(SRCROOT)/ElectrodeContainer/Libraries/CodePush/**",
				);
				OTHER_LDFLAGS = (
					"-ObjC",
					"-lc++",
					"-lz",
				);
				PRODUCT_BUNDLE_IDENTIFIER = com.walmart.electronics.ElectrodeContainer;
				PRODUCT_NAME = "$(TARGET_NAME)";
				SKIP_INSTALL = YES;
				SWIFT_VERSION = 3.0;
			};
			name = Release;
		};
		485009FB1E2FF23C009B6610 /* Debug */ = {
			isa = XCBuildConfiguration;
			buildSettings = {
				INFOPLIST_FILE = ElectrodeContainerTests/Info.plist;
				LD_RUNPATH_SEARCH_PATHS = "$(inherited) @executable_path/Frameworks @loader_path/Frameworks";
				LIBRARY_SEARCH_PATHS = (
					"$(inherited)",
					"$(SRCROOT)/ElectrodeContainer/Libraries/ReactNative/**",
					"$(SRCROOT)/ElectrodeContainer/Libraries/CodePush/**",
				);
				PRODUCT_BUNDLE_IDENTIFIER = com.walmart.electronics.ElectrodeContainerTests;
				PRODUCT_NAME = "$(TARGET_NAME)";
				TEST_HOST = "";
			};
			name = Debug;
		};
		485009FC1E2FF23C009B6610 /* Release */ = {
			isa = XCBuildConfiguration;
			buildSettings = {
				DEVELOPMENT_TEAM = DXZ5VF8836;
				HEADER_SEARCH_PATHS = (
					"$(inherited)",
					"\"$(SRCROOT)/ElectrodeContainer/Libraries/CodePush\"",
				);
				FRAMEWORK_SEARCH_PATHS = (
					"$(inherited)",
				);
				INFOPLIST_FILE = ElectrodeContainerTests/Info.plist;
				LD_RUNPATH_SEARCH_PATHS = "$(inherited) @executable_path/Frameworks @loader_path/Frameworks";
				LIBRARY_SEARCH_PATHS = (
					"$(inherited)",
					"$(SRCROOT)/ElectrodeContainer/Libraries/ReactNative/**",
					"$(SRCROOT)/ElectrodeContainer/Libraries/CodePush/**",
				);
				PRODUCT_BUNDLE_IDENTIFIER = com.walmart.electronics.ElectrodeContainerTests;
				PRODUCT_NAME = "$(TARGET_NAME)";
				TEST_HOST = "";
			};
			name = Release;
		};
/* End XCBuildConfiguration section */

/* Begin XCConfigurationList section */
		485009DD1E2FF23B009B6610 /* Build configuration list for PBXProject "ElectrodeContainer" */ = {
			isa = XCConfigurationList;
			buildConfigurations = (
				485009F51E2FF23C009B6610 /* Debug */,
				303268E41EA8139700A41A8F /* QADeployment */,
				485009F61E2FF23C009B6610 /* Release */,
			);
			defaultConfigurationIsVisible = 0;
			defaultConfigurationName = Release;
		};
		485009F71E2FF23C009B6610 /* Build configuration list for PBXNativeTarget "ElectrodeContainer" */ = {
			isa = XCConfigurationList;
			buildConfigurations = (
				485009F81E2FF23C009B6610 /* Debug */,
				303268E51EA8139700A41A8F /* QADeployment */,
				485009F91E2FF23C009B6610 /* Release */,
			);
			defaultConfigurationIsVisible = 0;
			defaultConfigurationName = Release;
		};
		485009FA1E2FF23C009B6610 /* Build configuration list for PBXNativeTarget "ElectrodeContainerTests" */ = {
			isa = XCConfigurationList;
			buildConfigurations = (
				485009FB1E2FF23C009B6610 /* Debug */,
				303268E61EA8139700A41A8F /* QADeployment */,
				485009FC1E2FF23C009B6610 /* Release */,
			);
			defaultConfigurationIsVisible = 0;
			defaultConfigurationName = Release;
		};
/* End XCConfigurationList section */
	};
	rootObject = 485009DA1E2FF23B009B6610 /* Project object */;
}
